// !$*UTF8*$!
{
	archiveVersion = 1;
	classes = {
	};
	objectVersion = 55;
	objects = {

/* Begin PBXBuildFile section */
		F806E05C2BF57A5A00B3B421 /* DoneButton.swift in Sources */ = {isa = PBXBuildFile; fileRef = F806E05B2BF57A5A00B3B421 /* DoneButton.swift */; };
		F806E05E2BF697B400B3B421 /* ExerciseListToolbar.swift in Sources */ = {isa = PBXBuildFile; fileRef = F806E05D2BF697B400B3B421 /* ExerciseListToolbar.swift */; };
		F81537B32C1DA40C006FE5FC /* openapp.wav in Resources */ = {isa = PBXBuildFile; fileRef = F81537B22C1DA40C006FE5FC /* openapp.wav */; };
		F815DE1528CE876D0006577D /* AmountPicker.swift in Sources */ = {isa = PBXBuildFile; fileRef = F815DE1428CE876D0006577D /* AmountPicker.swift */; };
		F81D66332BF55AD800C7037D /* Unit.swift in Sources */ = {isa = PBXBuildFile; fileRef = F81D66322BF55AD800C7037D /* Unit.swift */; };
		F81D66352BF55B2F00C7037D /* Quantity.swift in Sources */ = {isa = PBXBuildFile; fileRef = F81D66342BF55B2F00C7037D /* Quantity.swift */; };
		F81D66372BF56F6A00C7037D /* CancelButton.swift in Sources */ = {isa = PBXBuildFile; fileRef = F81D66362BF56F6A00C7037D /* CancelButton.swift */; };
		F8242C4A2BF6B564003C953C /* EditSheetIcon.swift in Sources */ = {isa = PBXBuildFile; fileRef = F8242C492BF6B564003C953C /* EditSheetIcon.swift */; };
		F8242C4C2BF6B892003C953C /* NameSection.swift in Sources */ = {isa = PBXBuildFile; fileRef = F8242C4B2BF6B892003C953C /* NameSection.swift */; };
		F8242C4E2BF6BAE5003C953C /* NotificationFrequency.swift in Sources */ = {isa = PBXBuildFile; fileRef = F8242C4D2BF6BAE5003C953C /* NotificationFrequency.swift */; };
		F8242C502BF6BED2003C953C /* SymbolPickerItem.swift in Sources */ = {isa = PBXBuildFile; fileRef = F8242C4F2BF6BED2003C953C /* SymbolPickerItem.swift */; };
		F8242C522BF6C3A2003C953C /* ColorPickerItem.swift in Sources */ = {isa = PBXBuildFile; fileRef = F8242C512BF6C3A2003C953C /* ColorPickerItem.swift */; };
		F8251EDD2BEFFA7B00E33B1B /* TimeTracker.swift in Sources */ = {isa = PBXBuildFile; fileRef = F8251EDC2BEFFA7B00E33B1B /* TimeTracker.swift */; };
		F8251EDF2BEFFB5500E33B1B /* DistanceTracker.swift in Sources */ = {isa = PBXBuildFile; fileRef = F8251EDE2BEFFB5500E33B1B /* DistanceTracker.swift */; };
		F835309C28A99CD800BF3CB2 /* UserNotificationCenterDelegate.swift in Sources */ = {isa = PBXBuildFile; fileRef = F835309B28A99CD800BF3CB2 /* UserNotificationCenterDelegate.swift */; };
		F835309E28A9A18800BF3CB2 /* AppDelegate.swift in Sources */ = {isa = PBXBuildFile; fileRef = F835309D28A9A18800BF3CB2 /* AppDelegate.swift */; };
		F835315328AA8FCC00BF3CB2 /* UserNotifier.swift in Sources */ = {isa = PBXBuildFile; fileRef = F835315228AA8FCC00BF3CB2 /* UserNotifier.swift */; };
		F835315628AA90B100BF3CB2 /* LocationManagerDelegate.swift in Sources */ = {isa = PBXBuildFile; fileRef = F835315528AA90B100BF3CB2 /* LocationManagerDelegate.swift */; };
		F835315A28AACC5700BF3CB2 /* SoundsDirectoryManager.swift in Sources */ = {isa = PBXBuildFile; fileRef = F835315928AACC5700BF3CB2 /* SoundsDirectoryManager.swift */; };
		F835316628AC185500BF3CB2 /* ColorScheme.swift in Sources */ = {isa = PBXBuildFile; fileRef = F835316528AC185500BF3CB2 /* ColorScheme.swift */; };
		F835316828AC1BF900BF3CB2 /* ExerciseListItem.swift in Sources */ = {isa = PBXBuildFile; fileRef = F835316728AC1BF900BF3CB2 /* ExerciseListItem.swift */; };
		F835316A28AC37C600BF3CB2 /* ExerciseList.swift in Sources */ = {isa = PBXBuildFile; fileRef = F835316928AC37C600BF3CB2 /* ExerciseList.swift */; };
		F835317028AD257400BF3CB2 /* ExerciseEditSheet.swift in Sources */ = {isa = PBXBuildFile; fileRef = F835316F28AD257400BF3CB2 /* ExerciseEditSheet.swift */; };
		F866C40C28D27234007BF8BF /* OptionsSection.swift in Sources */ = {isa = PBXBuildFile; fileRef = F866C40B28D27234007BF8BF /* OptionsSection.swift */; };
		F8722A5928A01635005A2718 /* Distance_and_Interval_NotfierApp.swift in Sources */ = {isa = PBXBuildFile; fileRef = F8722A5828A01635005A2718 /* Distance_and_Interval_NotfierApp.swift */; };
		F8722A5B28A01635005A2718 /* ContentView.swift in Sources */ = {isa = PBXBuildFile; fileRef = F8722A5A28A01635005A2718 /* ContentView.swift */; };
		F8722A5D28A01636005A2718 /* Assets.xcassets in Resources */ = {isa = PBXBuildFile; fileRef = F8722A5C28A01636005A2718 /* Assets.xcassets */; };
		F8722A6028A01636005A2718 /* Preview Assets.xcassets in Resources */ = {isa = PBXBuildFile; fileRef = F8722A5F28A01636005A2718 /* Preview Assets.xcassets */; };
		F8722A6A28A01636005A2718 /* Distance_and_Interval_NotfierTests.swift in Sources */ = {isa = PBXBuildFile; fileRef = F8722A6928A01636005A2718 /* Distance_and_Interval_NotfierTests.swift */; };
		F8722A7428A01636005A2718 /* Distance_and_Interval_NotfierUITests.swift in Sources */ = {isa = PBXBuildFile; fileRef = F8722A7328A01636005A2718 /* Distance_and_Interval_NotfierUITests.swift */; };
		F8722A7628A01636005A2718 /* Distance_and_Interval_NotfierUITestsLaunchTests.swift in Sources */ = {isa = PBXBuildFile; fileRef = F8722A7528A01636005A2718 /* Distance_and_Interval_NotfierUITestsLaunchTests.swift */; };
		F87B00C72BFF823800FCD5DB /* ExerciseListConditionalToolbarItem.swift in Sources */ = {isa = PBXBuildFile; fileRef = F87B00C62BFF823800FCD5DB /* ExerciseListConditionalToolbarItem.swift */; };
		F888AAC128AEC418007AB401 /* WorkoutList.swift in Sources */ = {isa = PBXBuildFile; fileRef = F888AAC028AEC418007AB401 /* WorkoutList.swift */; };
		F888AAC528AEC825007AB401 /* WorkoutListItem.swift in Sources */ = {isa = PBXBuildFile; fileRef = F888AAC428AEC825007AB401 /* WorkoutListItem.swift */; };
		F888AAC928AECE7F007AB401 /* Constants.swift in Sources */ = {isa = PBXBuildFile; fileRef = F888AAC828AECE7F007AB401 /* Constants.swift */; };
		F888AB1128B4FA13007AB401 /* WorkoutEditSheet.swift in Sources */ = {isa = PBXBuildFile; fileRef = F888AB1028B4FA13007AB401 /* WorkoutEditSheet.swift */; };
		F888AB1328B65872007AB401 /* SymbolSection.swift in Sources */ = {isa = PBXBuildFile; fileRef = F888AB1228B65872007AB401 /* SymbolSection.swift */; };
		F888AB1528B65971007AB401 /* ColorSection.swift in Sources */ = {isa = PBXBuildFile; fileRef = F888AB1428B65971007AB401 /* ColorSection.swift */; };
		F889D2AE2BF14CD600EA19BC /* 20.wav in Resources */ = {isa = PBXBuildFile; fileRef = F889D2AD2BF14CD600EA19BC /* 20.wav */; };
		F889D2D62BF167D700EA19BC /* Log.swift in Sources */ = {isa = PBXBuildFile; fileRef = F889D2D52BF167D700EA19BC /* Log.swift */; };
		F889D2D82BF1A78D00EA19BC /* NotificationSoundGenerator.swift in Sources */ = {isa = PBXBuildFile; fileRef = F889D2D72BF1A78D00EA19BC /* NotificationSoundGenerator.swift */; };
		F889D2DB2BF1ABF700EA19BC /* 30.wav in Resources */ = {isa = PBXBuildFile; fileRef = F889D2D92BF1ABF700EA19BC /* 30.wav */; };
		F889D2DC2BF1ABF700EA19BC /* 40.wav in Resources */ = {isa = PBXBuildFile; fileRef = F889D2DA2BF1ABF700EA19BC /* 40.wav */; };
		F889D2DE2BF1AD7400EA19BC /* 50.wav in Resources */ = {isa = PBXBuildFile; fileRef = F889D2DD2BF1AD7400EA19BC /* 50.wav */; };
		F889D2E92BF1B66600EA19BC /* meters.wav in Resources */ = {isa = PBXBuildFile; fileRef = F889D2E72BF1B66600EA19BC /* meters.wav */; };
		F889D2EA2BF1B66600EA19BC /* seconds.wav in Resources */ = {isa = PBXBuildFile; fileRef = F889D2E82BF1B66600EA19BC /* seconds.wav */; };
		F889D2EF2BF1B7F000EA19BC /* 80.wav in Resources */ = {isa = PBXBuildFile; fileRef = F889D2EB2BF1B7F000EA19BC /* 80.wav */; };
		F889D2F02BF1B7F000EA19BC /* 60.wav in Resources */ = {isa = PBXBuildFile; fileRef = F889D2EC2BF1B7F000EA19BC /* 60.wav */; };
		F889D2F12BF1B7F000EA19BC /* 70.wav in Resources */ = {isa = PBXBuildFile; fileRef = F889D2ED2BF1B7F000EA19BC /* 70.wav */; };
		F889D2F22BF1B7F000EA19BC /* 90.wav in Resources */ = {isa = PBXBuildFile; fileRef = F889D2EE2BF1B7F000EA19BC /* 90.wav */; };
		F889D3522BF22A9900EA19BC /* 14.wav in Resources */ = {isa = PBXBuildFile; fileRef = F889D2F72BF22A9600EA19BC /* 14.wav */; };
		F889D3532BF22A9900EA19BC /* 44.wav in Resources */ = {isa = PBXBuildFile; fileRef = F889D2F82BF22A9600EA19BC /* 44.wav */; };
		F889D3542BF22A9900EA19BC /* 9.wav in Resources */ = {isa = PBXBuildFile; fileRef = F889D2F92BF22A9600EA19BC /* 9.wav */; };
		F889D3552BF22A9900EA19BC /* 47.wav in Resources */ = {isa = PBXBuildFile; fileRef = F889D2FA2BF22A9600EA19BC /* 47.wav */; };
		F889D3562BF22A9900EA19BC /* 31.wav in Resources */ = {isa = PBXBuildFile; fileRef = F889D2FB2BF22A9600EA19BC /* 31.wav */; };
		F889D3572BF22A9900EA19BC /* 16.wav in Resources */ = {isa = PBXBuildFile; fileRef = F889D2FC2BF22A9700EA19BC /* 16.wav */; };
		F889D3582BF22A9900EA19BC /* 53.wav in Resources */ = {isa = PBXBuildFile; fileRef = F889D2FD2BF22A9700EA19BC /* 53.wav */; };
		F889D3592BF22A9900EA19BC /* 13.wav in Resources */ = {isa = PBXBuildFile; fileRef = F889D2FE2BF22A9700EA19BC /* 13.wav */; };
		F889D35A2BF22A9900EA19BC /* 5.wav in Resources */ = {isa = PBXBuildFile; fileRef = F889D2FF2BF22A9700EA19BC /* 5.wav */; };
		F889D35B2BF22A9900EA19BC /* 26.wav in Resources */ = {isa = PBXBuildFile; fileRef = F889D3002BF22A9700EA19BC /* 26.wav */; };
		F889D35C2BF22A9900EA19BC /* 34.wav in Resources */ = {isa = PBXBuildFile; fileRef = F889D3012BF22A9700EA19BC /* 34.wav */; };
		F889D35D2BF22A9900EA19BC /* 4.wav in Resources */ = {isa = PBXBuildFile; fileRef = F889D3022BF22A9700EA19BC /* 4.wav */; };
		F889D35E2BF22A9900EA19BC /* 11.wav in Resources */ = {isa = PBXBuildFile; fileRef = F889D3032BF22A9700EA19BC /* 11.wav */; };
		F889D35F2BF22A9900EA19BC /* 2.wav in Resources */ = {isa = PBXBuildFile; fileRef = F889D3042BF22A9700EA19BC /* 2.wav */; };
		F889D3602BF22A9900EA19BC /* 8.wav in Resources */ = {isa = PBXBuildFile; fileRef = F889D3052BF22A9700EA19BC /* 8.wav */; };
		F889D3612BF22A9900EA19BC /* 6.wav in Resources */ = {isa = PBXBuildFile; fileRef = F889D3062BF22A9700EA19BC /* 6.wav */; };
		F889D3622BF22A9900EA19BC /* 85.wav in Resources */ = {isa = PBXBuildFile; fileRef = F889D3072BF22A9700EA19BC /* 85.wav */; };
		F889D3632BF22A9900EA19BC /* 95.wav in Resources */ = {isa = PBXBuildFile; fileRef = F889D3082BF22A9700EA19BC /* 95.wav */; };
		F889D3642BF22A9900EA19BC /* 59.wav in Resources */ = {isa = PBXBuildFile; fileRef = F889D3092BF22A9700EA19BC /* 59.wav */; };
		F889D3652BF22A9900EA19BC /* 7.wav in Resources */ = {isa = PBXBuildFile; fileRef = F889D30A2BF22A9700EA19BC /* 7.wav */; };
		F889D3662BF22A9900EA19BC /* 35.wav in Resources */ = {isa = PBXBuildFile; fileRef = F889D30B2BF22A9700EA19BC /* 35.wav */; };
		F889D3672BF22A9900EA19BC /* 49.wav in Resources */ = {isa = PBXBuildFile; fileRef = F889D30C2BF22A9700EA19BC /* 49.wav */; };
		F889D3682BF22A9900EA19BC /* 93.wav in Resources */ = {isa = PBXBuildFile; fileRef = F889D30D2BF22A9700EA19BC /* 93.wav */; };
		F889D3692BF22A9900EA19BC /* 62.wav in Resources */ = {isa = PBXBuildFile; fileRef = F889D30E2BF22A9700EA19BC /* 62.wav */; };
		F889D36A2BF22A9900EA19BC /* 18.wav in Resources */ = {isa = PBXBuildFile; fileRef = F889D30F2BF22A9700EA19BC /* 18.wav */; };
		F889D36B2BF22A9900EA19BC /* 98.wav in Resources */ = {isa = PBXBuildFile; fileRef = F889D3102BF22A9700EA19BC /* 98.wav */; };
		F889D36C2BF22A9900EA19BC /* 71.wav in Resources */ = {isa = PBXBuildFile; fileRef = F889D3112BF22A9700EA19BC /* 71.wav */; };
		F889D36D2BF22A9900EA19BC /* 94.wav in Resources */ = {isa = PBXBuildFile; fileRef = F889D3122BF22A9700EA19BC /* 94.wav */; };
		F889D36E2BF22A9900EA19BC /* 97.wav in Resources */ = {isa = PBXBuildFile; fileRef = F889D3132BF22A9700EA19BC /* 97.wav */; };
		F889D36F2BF22A9900EA19BC /* 1.wav in Resources */ = {isa = PBXBuildFile; fileRef = F889D3142BF22A9700EA19BC /* 1.wav */; };
		F889D3702BF22A9900EA19BC /* 42.wav in Resources */ = {isa = PBXBuildFile; fileRef = F889D3152BF22A9700EA19BC /* 42.wav */; };
		F889D3712BF22A9900EA19BC /* 39.wav in Resources */ = {isa = PBXBuildFile; fileRef = F889D3162BF22A9700EA19BC /* 39.wav */; };
		F889D3722BF22A9900EA19BC /* 28.wav in Resources */ = {isa = PBXBuildFile; fileRef = F889D3172BF22A9700EA19BC /* 28.wav */; };
		F889D3732BF22A9900EA19BC /* 63.wav in Resources */ = {isa = PBXBuildFile; fileRef = F889D3182BF22A9700EA19BC /* 63.wav */; };
		F889D3742BF22A9900EA19BC /* 69.wav in Resources */ = {isa = PBXBuildFile; fileRef = F889D3192BF22A9700EA19BC /* 69.wav */; };
		F889D3752BF22A9900EA19BC /* 29.wav in Resources */ = {isa = PBXBuildFile; fileRef = F889D31A2BF22A9800EA19BC /* 29.wav */; };
		F889D3762BF22A9900EA19BC /* 58.wav in Resources */ = {isa = PBXBuildFile; fileRef = F889D31B2BF22A9800EA19BC /* 58.wav */; };
		F889D3772BF22A9900EA19BC /* 89.wav in Resources */ = {isa = PBXBuildFile; fileRef = F889D31C2BF22A9800EA19BC /* 89.wav */; };
		F889D3782BF22A9900EA19BC /* 83.wav in Resources */ = {isa = PBXBuildFile; fileRef = F889D31D2BF22A9800EA19BC /* 83.wav */; };
		F889D3792BF22A9900EA19BC /* 72.wav in Resources */ = {isa = PBXBuildFile; fileRef = F889D31E2BF22A9800EA19BC /* 72.wav */; };
		F889D37A2BF22A9900EA19BC /* 45.wav in Resources */ = {isa = PBXBuildFile; fileRef = F889D31F2BF22A9800EA19BC /* 45.wav */; };
		F889D37B2BF22A9900EA19BC /* 54.wav in Resources */ = {isa = PBXBuildFile; fileRef = F889D3202BF22A9800EA19BC /* 54.wav */; };
		F889D37C2BF22A9900EA19BC /* 67.wav in Resources */ = {isa = PBXBuildFile; fileRef = F889D3212BF22A9800EA19BC /* 67.wav */; };
		F889D37D2BF22A9900EA19BC /* 56.wav in Resources */ = {isa = PBXBuildFile; fileRef = F889D3222BF22A9800EA19BC /* 56.wav */; };
		F889D37E2BF22A9900EA19BC /* 64.wav in Resources */ = {isa = PBXBuildFile; fileRef = F889D3232BF22A9800EA19BC /* 64.wav */; };
		F889D37F2BF22A9900EA19BC /* 68.wav in Resources */ = {isa = PBXBuildFile; fileRef = F889D3242BF22A9800EA19BC /* 68.wav */; };
		F889D3802BF22A9900EA19BC /* 22.wav in Resources */ = {isa = PBXBuildFile; fileRef = F889D3252BF22A9800EA19BC /* 22.wav */; };
		F889D3812BF22A9900EA19BC /* 38.wav in Resources */ = {isa = PBXBuildFile; fileRef = F889D3262BF22A9800EA19BC /* 38.wav */; };
		F889D3822BF22A9900EA19BC /* 81.wav in Resources */ = {isa = PBXBuildFile; fileRef = F889D3272BF22A9800EA19BC /* 81.wav */; };
		F889D3832BF22A9900EA19BC /* 99.wav in Resources */ = {isa = PBXBuildFile; fileRef = F889D3282BF22A9800EA19BC /* 99.wav */; };
		F889D3842BF22A9900EA19BC /* 92.wav in Resources */ = {isa = PBXBuildFile; fileRef = F889D3292BF22A9800EA19BC /* 92.wav */; };
		F889D3852BF22A9900EA19BC /* 96.wav in Resources */ = {isa = PBXBuildFile; fileRef = F889D32A2BF22A9800EA19BC /* 96.wav */; };
		F889D3862BF22A9900EA19BC /* 27.wav in Resources */ = {isa = PBXBuildFile; fileRef = F889D32B2BF22A9800EA19BC /* 27.wav */; };
		F889D3872BF22A9900EA19BC /* 36.wav in Resources */ = {isa = PBXBuildFile; fileRef = F889D32C2BF22A9800EA19BC /* 36.wav */; };
		F889D3882BF22A9900EA19BC /* 79.wav in Resources */ = {isa = PBXBuildFile; fileRef = F889D32D2BF22A9800EA19BC /* 79.wav */; };
		F889D3892BF22A9900EA19BC /* 74.wav in Resources */ = {isa = PBXBuildFile; fileRef = F889D32E2BF22A9800EA19BC /* 74.wav */; };
		F889D38A2BF22A9900EA19BC /* 76.wav in Resources */ = {isa = PBXBuildFile; fileRef = F889D32F2BF22A9800EA19BC /* 76.wav */; };
		F889D38B2BF22A9900EA19BC /* 87.wav in Resources */ = {isa = PBXBuildFile; fileRef = F889D3302BF22A9800EA19BC /* 87.wav */; };
		F889D38C2BF22A9900EA19BC /* 43.wav in Resources */ = {isa = PBXBuildFile; fileRef = F889D3312BF22A9800EA19BC /* 43.wav */; };
		F889D38D2BF22A9900EA19BC /* 21.wav in Resources */ = {isa = PBXBuildFile; fileRef = F889D3322BF22A9800EA19BC /* 21.wav */; };
		F889D38E2BF22A9900EA19BC /* 66.wav in Resources */ = {isa = PBXBuildFile; fileRef = F889D3332BF22A9800EA19BC /* 66.wav */; };
		F889D38F2BF22A9900EA19BC /* 19.wav in Resources */ = {isa = PBXBuildFile; fileRef = F889D3342BF22A9900EA19BC /* 19.wav */; };
		F889D3902BF22A9900EA19BC /* 32.wav in Resources */ = {isa = PBXBuildFile; fileRef = F889D3352BF22A9900EA19BC /* 32.wav */; };
		F889D3912BF22A9900EA19BC /* 52.wav in Resources */ = {isa = PBXBuildFile; fileRef = F889D3362BF22A9900EA19BC /* 52.wav */; };
		F889D3922BF22A9900EA19BC /* 23.wav in Resources */ = {isa = PBXBuildFile; fileRef = F889D3372BF22A9900EA19BC /* 23.wav */; };
		F889D3932BF22A9900EA19BC /* 33.wav in Resources */ = {isa = PBXBuildFile; fileRef = F889D3382BF22A9900EA19BC /* 33.wav */; };
		F889D3942BF22A9900EA19BC /* 24.wav in Resources */ = {isa = PBXBuildFile; fileRef = F889D3392BF22A9900EA19BC /* 24.wav */; };
		F889D3952BF22A9900EA19BC /* 57.wav in Resources */ = {isa = PBXBuildFile; fileRef = F889D33A2BF22A9900EA19BC /* 57.wav */; };
		F889D3962BF22A9900EA19BC /* 73.wav in Resources */ = {isa = PBXBuildFile; fileRef = F889D33B2BF22A9900EA19BC /* 73.wav */; };
		F889D3972BF22A9900EA19BC /* 78.wav in Resources */ = {isa = PBXBuildFile; fileRef = F889D33C2BF22A9900EA19BC /* 78.wav */; };
		F889D3982BF22A9900EA19BC /* 82.wav in Resources */ = {isa = PBXBuildFile; fileRef = F889D33D2BF22A9900EA19BC /* 82.wav */; };
		F889D3992BF22A9900EA19BC /* 17.wav in Resources */ = {isa = PBXBuildFile; fileRef = F889D33E2BF22A9900EA19BC /* 17.wav */; };
		F889D39A2BF22A9900EA19BC /* 75.wav in Resources */ = {isa = PBXBuildFile; fileRef = F889D33F2BF22A9900EA19BC /* 75.wav */; };
		F889D39B2BF22A9900EA19BC /* 84.wav in Resources */ = {isa = PBXBuildFile; fileRef = F889D3402BF22A9900EA19BC /* 84.wav */; };
		F889D39C2BF22A9900EA19BC /* 88.wav in Resources */ = {isa = PBXBuildFile; fileRef = F889D3412BF22A9900EA19BC /* 88.wav */; };
		F889D39D2BF22A9900EA19BC /* 25.wav in Resources */ = {isa = PBXBuildFile; fileRef = F889D3422BF22A9900EA19BC /* 25.wav */; };
		F889D39E2BF22A9900EA19BC /* 3.wav in Resources */ = {isa = PBXBuildFile; fileRef = F889D3432BF22A9900EA19BC /* 3.wav */; };
		F889D39F2BF22A9900EA19BC /* 61.wav in Resources */ = {isa = PBXBuildFile; fileRef = F889D3442BF22A9900EA19BC /* 61.wav */; };
		F889D3A02BF22A9900EA19BC /* 91.wav in Resources */ = {isa = PBXBuildFile; fileRef = F889D3452BF22A9900EA19BC /* 91.wav */; };
		F889D3A12BF22A9900EA19BC /* 51.wav in Resources */ = {isa = PBXBuildFile; fileRef = F889D3462BF22A9900EA19BC /* 51.wav */; };
		F889D3A22BF22A9900EA19BC /* 12.wav in Resources */ = {isa = PBXBuildFile; fileRef = F889D3472BF22A9900EA19BC /* 12.wav */; };
		F889D3A32BF22A9900EA19BC /* 55.wav in Resources */ = {isa = PBXBuildFile; fileRef = F889D3482BF22A9900EA19BC /* 55.wav */; };
		F889D3A42BF22A9900EA19BC /* 15.wav in Resources */ = {isa = PBXBuildFile; fileRef = F889D3492BF22A9900EA19BC /* 15.wav */; };
		F889D3A52BF22A9900EA19BC /* 10.wav in Resources */ = {isa = PBXBuildFile; fileRef = F889D34A2BF22A9900EA19BC /* 10.wav */; };
		F889D3A62BF22A9900EA19BC /* 37.wav in Resources */ = {isa = PBXBuildFile; fileRef = F889D34B2BF22A9900EA19BC /* 37.wav */; };
		F889D3A72BF22A9900EA19BC /* 65.wav in Resources */ = {isa = PBXBuildFile; fileRef = F889D34C2BF22A9900EA19BC /* 65.wav */; };
		F889D3A82BF22A9900EA19BC /* 77.wav in Resources */ = {isa = PBXBuildFile; fileRef = F889D34D2BF22A9900EA19BC /* 77.wav */; };
		F889D3A92BF22A9900EA19BC /* 86.wav in Resources */ = {isa = PBXBuildFile; fileRef = F889D34E2BF22A9900EA19BC /* 86.wav */; };
		F889D3AA2BF22A9900EA19BC /* 41.wav in Resources */ = {isa = PBXBuildFile; fileRef = F889D34F2BF22A9900EA19BC /* 41.wav */; };
		F889D3AB2BF22A9900EA19BC /* 48.wav in Resources */ = {isa = PBXBuildFile; fileRef = F889D3502BF22A9900EA19BC /* 48.wav */; };
		F889D3AC2BF22A9900EA19BC /* 46.wav in Resources */ = {isa = PBXBuildFile; fileRef = F889D3512BF22A9900EA19BC /* 46.wav */; };
		F889D3B62BF22B7E00EA19BC /* 800.wav in Resources */ = {isa = PBXBuildFile; fileRef = F889D3AD2BF22B7E00EA19BC /* 800.wav */; };
		F889D3B72BF22B7E00EA19BC /* 300.wav in Resources */ = {isa = PBXBuildFile; fileRef = F889D3AE2BF22B7E00EA19BC /* 300.wav */; };
		F889D3B82BF22B7E00EA19BC /* 200.wav in Resources */ = {isa = PBXBuildFile; fileRef = F889D3AF2BF22B7E00EA19BC /* 200.wav */; };
		F889D3B92BF22B7E00EA19BC /* 100.wav in Resources */ = {isa = PBXBuildFile; fileRef = F889D3B02BF22B7E00EA19BC /* 100.wav */; };
		F889D3BA2BF22B7E00EA19BC /* 900.wav in Resources */ = {isa = PBXBuildFile; fileRef = F889D3B12BF22B7E00EA19BC /* 900.wav */; };
		F889D3BB2BF22B7E00EA19BC /* 600.wav in Resources */ = {isa = PBXBuildFile; fileRef = F889D3B22BF22B7E00EA19BC /* 600.wav */; };
		F889D3BC2BF22B7E00EA19BC /* 400.wav in Resources */ = {isa = PBXBuildFile; fileRef = F889D3B32BF22B7E00EA19BC /* 400.wav */; };
		F889D3BD2BF22B7E00EA19BC /* 500.wav in Resources */ = {isa = PBXBuildFile; fileRef = F889D3B42BF22B7E00EA19BC /* 500.wav */; };
		F889D3BE2BF22B7E00EA19BC /* 700.wav in Resources */ = {isa = PBXBuildFile; fileRef = F889D3B52BF22B7E00EA19BC /* 700.wav */; };
		F889D3C02BF260EC00EA19BC /* minutes.wav in Resources */ = {isa = PBXBuildFile; fileRef = F889D3BF2BF260EC00EA19BC /* minutes.wav */; };
		F889D3C22BF2617100EA19BC /* Converter.swift in Sources */ = {isa = PBXBuildFile; fileRef = F889D3C12BF2617100EA19BC /* Converter.swift */; };
		F8A5B3FE2C1F1B90003274D1 /* appicon.jpg in Resources */ = {isa = PBXBuildFile; fileRef = F8A5B3FD2C1F1B8F003274D1 /* appicon.jpg */; };
		F8B9224E29CE17AC0081C238 /* NotificationFrequencySection.swift in Sources */ = {isa = PBXBuildFile; fileRef = F8B9224D29CE17AC0081C238 /* NotificationFrequencySection.swift */; };
		F8B9225029CE3CE40081C238 /* Icon.swift in Sources */ = {isa = PBXBuildFile; fileRef = F8B9224F29CE3CE40081C238 /* Icon.swift */; };
		F8CC32C52BF5566D006F2678 /* UnitPicker.swift in Sources */ = {isa = PBXBuildFile; fileRef = F8CC32C42BF5566D006F2678 /* UnitPicker.swift */; };
		F8CD82FD29D4B3CC00B82BDF /* AnnounceIcon.swift in Sources */ = {isa = PBXBuildFile; fileRef = F8CD82FC29D4B3CC00B82BDF /* AnnounceIcon.swift */; };
		F8CEC5372BF9F5350076B7F2 /* Appearance.swift in Sources */ = {isa = PBXBuildFile; fileRef = F8CEC5362BF9F5350076B7F2 /* Appearance.swift */; };
		F8CEC5392BFA14CD0076B7F2 /* kilometers.wav in Resources */ = {isa = PBXBuildFile; fileRef = F8CEC5382BFA14CD0076B7F2 /* kilometers.wav */; };
		F8CEC53C2BFA36980076B7F2 /* kilometer.wav in Resources */ = {isa = PBXBuildFile; fileRef = F8CEC53A2BFA36980076B7F2 /* kilometer.wav */; };
		F8CEC53D2BFA36980076B7F2 /* hour.wav in Resources */ = {isa = PBXBuildFile; fileRef = F8CEC53B2BFA36980076B7F2 /* hour.wav */; };
		F8CEC53F2BFA36B60076B7F2 /* hours.wav in Resources */ = {isa = PBXBuildFile; fileRef = F8CEC53E2BFA36B60076B7F2 /* hours.wav */; };
		F8CEC5412BFA3A430076B7F2 /* minute.wav in Resources */ = {isa = PBXBuildFile; fileRef = F8CEC5402BFA3A430076B7F2 /* minute.wav */; };
		F8CEC5452BFB57DE0076B7F2 /* ExerciseListWorkoutState.swift in Sources */ = {isa = PBXBuildFile; fileRef = F8CEC5442BFB57DE0076B7F2 /* ExerciseListWorkoutState.swift */; };
		F8DCE02C29D0C6C200085D2B /* ExerciseTracker.swift in Sources */ = {isa = PBXBuildFile; fileRef = F8DCE02B29D0C6C200085D2B /* ExerciseTracker.swift */; };
		F8DCE03129D0E67200085D2B /* StartButton.swift in Sources */ = {isa = PBXBuildFile; fileRef = F8DCE03029D0E67200085D2B /* StartButton.swift */; };
		F8E4602B2BF7CF10007FF950 /* ExerciseListState.swift in Sources */ = {isa = PBXBuildFile; fileRef = F8E4602A2BF7CF10007FF950 /* ExerciseListState.swift */; };
		F8E8D72729CE0E0B00CB8B51 /* QuantityPicker.swift in Sources */ = {isa = PBXBuildFile; fileRef = F8E8D72629CE0E0B00CB8B51 /* QuantityPicker.swift */; };
		F8FC049B2BF3D90500C3FE3A /* Workout.swift in Sources */ = {isa = PBXBuildFile; fileRef = F8FC049A2BF3D90500C3FE3A /* Workout.swift */; };
		F8FC049D2BF3DA2100C3FE3A /* Exercise.swift in Sources */ = {isa = PBXBuildFile; fileRef = F8FC049C2BF3DA2100C3FE3A /* Exercise.swift */; };
		F8FDCA262BF0F1730050CA2C /* AudioProcessor.swift in Sources */ = {isa = PBXBuildFile; fileRef = F8FDCA252BF0F1730050CA2C /* AudioProcessor.swift */; };
/* End PBXBuildFile section */

/* Begin PBXContainerItemProxy section */
		F8722A6628A01636005A2718 /* PBXContainerItemProxy */ = {
			isa = PBXContainerItemProxy;
			containerPortal = F8722A4D28A01635005A2718 /* Project object */;
			proxyType = 1;
			remoteGlobalIDString = F8722A5428A01635005A2718;
			remoteInfo = "Distance and Interval Notfier";
		};
		F8722A7028A01636005A2718 /* PBXContainerItemProxy */ = {
			isa = PBXContainerItemProxy;
			containerPortal = F8722A4D28A01635005A2718 /* Project object */;
			proxyType = 1;
			remoteGlobalIDString = F8722A5428A01635005A2718;
			remoteInfo = "Distance and Interval Notfier";
		};
/* End PBXContainerItemProxy section */

/* Begin PBXFileReference section */
		F806E05B2BF57A5A00B3B421 /* DoneButton.swift */ = {isa = PBXFileReference; lastKnownFileType = sourcecode.swift; path = DoneButton.swift; sourceTree = "<group>"; };
		F806E05D2BF697B400B3B421 /* ExerciseListToolbar.swift */ = {isa = PBXFileReference; lastKnownFileType = sourcecode.swift; path = ExerciseListToolbar.swift; sourceTree = "<group>"; };
		F81537B22C1DA40C006FE5FC /* openapp.wav */ = {isa = PBXFileReference; lastKnownFileType = audio.wav; path = openapp.wav; sourceTree = "<group>"; };
		F815DE1428CE876D0006577D /* AmountPicker.swift */ = {isa = PBXFileReference; lastKnownFileType = sourcecode.swift; path = AmountPicker.swift; sourceTree = "<group>"; };
		F81D66322BF55AD800C7037D /* Unit.swift */ = {isa = PBXFileReference; lastKnownFileType = sourcecode.swift; path = Unit.swift; sourceTree = "<group>"; };
		F81D66342BF55B2F00C7037D /* Quantity.swift */ = {isa = PBXFileReference; lastKnownFileType = sourcecode.swift; path = Quantity.swift; sourceTree = "<group>"; };
		F81D66362BF56F6A00C7037D /* CancelButton.swift */ = {isa = PBXFileReference; lastKnownFileType = sourcecode.swift; path = CancelButton.swift; sourceTree = "<group>"; };
		F8242C492BF6B564003C953C /* EditSheetIcon.swift */ = {isa = PBXFileReference; lastKnownFileType = sourcecode.swift; path = EditSheetIcon.swift; sourceTree = "<group>"; };
		F8242C4B2BF6B892003C953C /* NameSection.swift */ = {isa = PBXFileReference; lastKnownFileType = sourcecode.swift; path = NameSection.swift; sourceTree = "<group>"; };
		F8242C4D2BF6BAE5003C953C /* NotificationFrequency.swift */ = {isa = PBXFileReference; lastKnownFileType = sourcecode.swift; path = NotificationFrequency.swift; sourceTree = "<group>"; };
		F8242C4F2BF6BED2003C953C /* SymbolPickerItem.swift */ = {isa = PBXFileReference; lastKnownFileType = sourcecode.swift; path = SymbolPickerItem.swift; sourceTree = "<group>"; };
		F8242C512BF6C3A2003C953C /* ColorPickerItem.swift */ = {isa = PBXFileReference; lastKnownFileType = sourcecode.swift; path = ColorPickerItem.swift; sourceTree = "<group>"; };
		F8251EDC2BEFFA7B00E33B1B /* TimeTracker.swift */ = {isa = PBXFileReference; lastKnownFileType = sourcecode.swift; path = TimeTracker.swift; sourceTree = "<group>"; };
		F8251EDE2BEFFB5500E33B1B /* DistanceTracker.swift */ = {isa = PBXFileReference; lastKnownFileType = sourcecode.swift; path = DistanceTracker.swift; sourceTree = "<group>"; };
		F835309B28A99CD800BF3CB2 /* UserNotificationCenterDelegate.swift */ = {isa = PBXFileReference; lastKnownFileType = sourcecode.swift; path = UserNotificationCenterDelegate.swift; sourceTree = "<group>"; };
		F835309D28A9A18800BF3CB2 /* AppDelegate.swift */ = {isa = PBXFileReference; lastKnownFileType = sourcecode.swift; path = AppDelegate.swift; sourceTree = "<group>"; };
		F835309F28A9B50D00BF3CB2 /* Distance-and-Interval-Notfier-Info.plist */ = {isa = PBXFileReference; lastKnownFileType = text.plist; path = "Distance-and-Interval-Notfier-Info.plist"; sourceTree = SOURCE_ROOT; };
		F835315228AA8FCC00BF3CB2 /* UserNotifier.swift */ = {isa = PBXFileReference; lastKnownFileType = sourcecode.swift; path = UserNotifier.swift; sourceTree = "<group>"; };
		F835315528AA90B100BF3CB2 /* LocationManagerDelegate.swift */ = {isa = PBXFileReference; lastKnownFileType = sourcecode.swift; path = LocationManagerDelegate.swift; sourceTree = "<group>"; };
		F835315928AACC5700BF3CB2 /* SoundsDirectoryManager.swift */ = {isa = PBXFileReference; lastKnownFileType = sourcecode.swift; path = SoundsDirectoryManager.swift; sourceTree = "<group>"; };
		F835316528AC185500BF3CB2 /* ColorScheme.swift */ = {isa = PBXFileReference; lastKnownFileType = sourcecode.swift; name = ColorScheme.swift; path = Views/ColorScheme.swift; sourceTree = "<group>"; };
		F835316728AC1BF900BF3CB2 /* ExerciseListItem.swift */ = {isa = PBXFileReference; lastKnownFileType = sourcecode.swift; path = ExerciseListItem.swift; sourceTree = "<group>"; };
		F835316928AC37C600BF3CB2 /* ExerciseList.swift */ = {isa = PBXFileReference; lastKnownFileType = sourcecode.swift; path = ExerciseList.swift; sourceTree = "<group>"; };
		F835316F28AD257400BF3CB2 /* ExerciseEditSheet.swift */ = {isa = PBXFileReference; lastKnownFileType = sourcecode.swift; path = ExerciseEditSheet.swift; sourceTree = "<group>"; };
		F866C40B28D27234007BF8BF /* OptionsSection.swift */ = {isa = PBXFileReference; lastKnownFileType = sourcecode.swift; name = OptionsSection.swift; path = ../../picker/OptionsSection.swift; sourceTree = "<group>"; };
		F8722A5528A01635005A2718 /* Distance and Interval Notfier.app */ = {isa = PBXFileReference; explicitFileType = wrapper.application; includeInIndex = 0; path = "Distance and Interval Notfier.app"; sourceTree = BUILT_PRODUCTS_DIR; };
		F8722A5828A01635005A2718 /* Distance_and_Interval_NotfierApp.swift */ = {isa = PBXFileReference; lastKnownFileType = sourcecode.swift; path = Distance_and_Interval_NotfierApp.swift; sourceTree = "<group>"; };
		F8722A5A28A01635005A2718 /* ContentView.swift */ = {isa = PBXFileReference; lastKnownFileType = sourcecode.swift; path = ContentView.swift; sourceTree = "<group>"; };
		F8722A5C28A01636005A2718 /* Assets.xcassets */ = {isa = PBXFileReference; lastKnownFileType = folder.assetcatalog; path = Assets.xcassets; sourceTree = "<group>"; };
		F8722A5F28A01636005A2718 /* Preview Assets.xcassets */ = {isa = PBXFileReference; lastKnownFileType = folder.assetcatalog; path = "Preview Assets.xcassets"; sourceTree = "<group>"; };
		F8722A6528A01636005A2718 /* Distance and Interval NotfierTests.xctest */ = {isa = PBXFileReference; explicitFileType = wrapper.cfbundle; includeInIndex = 0; path = "Distance and Interval NotfierTests.xctest"; sourceTree = BUILT_PRODUCTS_DIR; };
		F8722A6928A01636005A2718 /* Distance_and_Interval_NotfierTests.swift */ = {isa = PBXFileReference; lastKnownFileType = sourcecode.swift; path = Distance_and_Interval_NotfierTests.swift; sourceTree = "<group>"; };
		F8722A6F28A01636005A2718 /* Distance and Interval NotfierUITests.xctest */ = {isa = PBXFileReference; explicitFileType = wrapper.cfbundle; includeInIndex = 0; path = "Distance and Interval NotfierUITests.xctest"; sourceTree = BUILT_PRODUCTS_DIR; };
		F8722A7328A01636005A2718 /* Distance_and_Interval_NotfierUITests.swift */ = {isa = PBXFileReference; lastKnownFileType = sourcecode.swift; path = Distance_and_Interval_NotfierUITests.swift; sourceTree = "<group>"; };
		F8722A7528A01636005A2718 /* Distance_and_Interval_NotfierUITestsLaunchTests.swift */ = {isa = PBXFileReference; lastKnownFileType = sourcecode.swift; path = Distance_and_Interval_NotfierUITestsLaunchTests.swift; sourceTree = "<group>"; };
		F87B00C62BFF823800FCD5DB /* ExerciseListConditionalToolbarItem.swift */ = {isa = PBXFileReference; lastKnownFileType = sourcecode.swift; path = ExerciseListConditionalToolbarItem.swift; sourceTree = "<group>"; };
		F888AAC028AEC418007AB401 /* WorkoutList.swift */ = {isa = PBXFileReference; lastKnownFileType = sourcecode.swift; path = WorkoutList.swift; sourceTree = "<group>"; };
		F888AAC428AEC825007AB401 /* WorkoutListItem.swift */ = {isa = PBXFileReference; lastKnownFileType = sourcecode.swift; path = WorkoutListItem.swift; sourceTree = "<group>"; };
		F888AAC828AECE7F007AB401 /* Constants.swift */ = {isa = PBXFileReference; lastKnownFileType = sourcecode.swift; path = Constants.swift; sourceTree = "<group>"; };
		F888AB1028B4FA13007AB401 /* WorkoutEditSheet.swift */ = {isa = PBXFileReference; lastKnownFileType = sourcecode.swift; path = WorkoutEditSheet.swift; sourceTree = "<group>"; };
		F888AB1228B65872007AB401 /* SymbolSection.swift */ = {isa = PBXFileReference; lastKnownFileType = sourcecode.swift; name = SymbolSection.swift; path = ../../picker/SymbolSection.swift; sourceTree = "<group>"; };
		F888AB1428B65971007AB401 /* ColorSection.swift */ = {isa = PBXFileReference; lastKnownFileType = sourcecode.swift; path = ColorSection.swift; sourceTree = "<group>"; };
		F889D2AD2BF14CD600EA19BC /* 20.wav */ = {isa = PBXFileReference; lastKnownFileType = audio.wav; path = 20.wav; sourceTree = "<group>"; };
		F889D2D52BF167D700EA19BC /* Log.swift */ = {isa = PBXFileReference; lastKnownFileType = sourcecode.swift; path = Log.swift; sourceTree = "<group>"; };
		F889D2D72BF1A78D00EA19BC /* NotificationSoundGenerator.swift */ = {isa = PBXFileReference; lastKnownFileType = sourcecode.swift; path = NotificationSoundGenerator.swift; sourceTree = "<group>"; };
		F889D2D92BF1ABF700EA19BC /* 30.wav */ = {isa = PBXFileReference; lastKnownFileType = audio.wav; path = 30.wav; sourceTree = "<group>"; };
		F889D2DA2BF1ABF700EA19BC /* 40.wav */ = {isa = PBXFileReference; lastKnownFileType = audio.wav; path = 40.wav; sourceTree = "<group>"; };
		F889D2DD2BF1AD7400EA19BC /* 50.wav */ = {isa = PBXFileReference; lastKnownFileType = audio.wav; path = 50.wav; sourceTree = "<group>"; };
		F889D2E72BF1B66600EA19BC /* meters.wav */ = {isa = PBXFileReference; lastKnownFileType = audio.wav; path = meters.wav; sourceTree = "<group>"; };
		F889D2E82BF1B66600EA19BC /* seconds.wav */ = {isa = PBXFileReference; lastKnownFileType = audio.wav; path = seconds.wav; sourceTree = "<group>"; };
		F889D2EB2BF1B7F000EA19BC /* 80.wav */ = {isa = PBXFileReference; lastKnownFileType = audio.wav; path = 80.wav; sourceTree = "<group>"; };
		F889D2EC2BF1B7F000EA19BC /* 60.wav */ = {isa = PBXFileReference; lastKnownFileType = audio.wav; path = 60.wav; sourceTree = "<group>"; };
		F889D2ED2BF1B7F000EA19BC /* 70.wav */ = {isa = PBXFileReference; lastKnownFileType = audio.wav; path = 70.wav; sourceTree = "<group>"; };
		F889D2EE2BF1B7F000EA19BC /* 90.wav */ = {isa = PBXFileReference; lastKnownFileType = audio.wav; path = 90.wav; sourceTree = "<group>"; };
		F889D2F72BF22A9600EA19BC /* 14.wav */ = {isa = PBXFileReference; lastKnownFileType = audio.wav; path = 14.wav; sourceTree = "<group>"; };
		F889D2F82BF22A9600EA19BC /* 44.wav */ = {isa = PBXFileReference; lastKnownFileType = audio.wav; path = 44.wav; sourceTree = "<group>"; };
		F889D2F92BF22A9600EA19BC /* 9.wav */ = {isa = PBXFileReference; lastKnownFileType = audio.wav; path = 9.wav; sourceTree = "<group>"; };
		F889D2FA2BF22A9600EA19BC /* 47.wav */ = {isa = PBXFileReference; lastKnownFileType = audio.wav; path = 47.wav; sourceTree = "<group>"; };
		F889D2FB2BF22A9600EA19BC /* 31.wav */ = {isa = PBXFileReference; lastKnownFileType = audio.wav; path = 31.wav; sourceTree = "<group>"; };
		F889D2FC2BF22A9700EA19BC /* 16.wav */ = {isa = PBXFileReference; lastKnownFileType = audio.wav; path = 16.wav; sourceTree = "<group>"; };
		F889D2FD2BF22A9700EA19BC /* 53.wav */ = {isa = PBXFileReference; lastKnownFileType = audio.wav; path = 53.wav; sourceTree = "<group>"; };
		F889D2FE2BF22A9700EA19BC /* 13.wav */ = {isa = PBXFileReference; lastKnownFileType = audio.wav; path = 13.wav; sourceTree = "<group>"; };
		F889D2FF2BF22A9700EA19BC /* 5.wav */ = {isa = PBXFileReference; lastKnownFileType = audio.wav; path = 5.wav; sourceTree = "<group>"; };
		F889D3002BF22A9700EA19BC /* 26.wav */ = {isa = PBXFileReference; lastKnownFileType = audio.wav; path = 26.wav; sourceTree = "<group>"; };
		F889D3012BF22A9700EA19BC /* 34.wav */ = {isa = PBXFileReference; lastKnownFileType = audio.wav; path = 34.wav; sourceTree = "<group>"; };
		F889D3022BF22A9700EA19BC /* 4.wav */ = {isa = PBXFileReference; lastKnownFileType = audio.wav; path = 4.wav; sourceTree = "<group>"; };
		F889D3032BF22A9700EA19BC /* 11.wav */ = {isa = PBXFileReference; lastKnownFileType = audio.wav; path = 11.wav; sourceTree = "<group>"; };
		F889D3042BF22A9700EA19BC /* 2.wav */ = {isa = PBXFileReference; lastKnownFileType = audio.wav; path = 2.wav; sourceTree = "<group>"; };
		F889D3052BF22A9700EA19BC /* 8.wav */ = {isa = PBXFileReference; lastKnownFileType = audio.wav; path = 8.wav; sourceTree = "<group>"; };
		F889D3062BF22A9700EA19BC /* 6.wav */ = {isa = PBXFileReference; lastKnownFileType = audio.wav; path = 6.wav; sourceTree = "<group>"; };
		F889D3072BF22A9700EA19BC /* 85.wav */ = {isa = PBXFileReference; lastKnownFileType = audio.wav; path = 85.wav; sourceTree = "<group>"; };
		F889D3082BF22A9700EA19BC /* 95.wav */ = {isa = PBXFileReference; lastKnownFileType = audio.wav; path = 95.wav; sourceTree = "<group>"; };
		F889D3092BF22A9700EA19BC /* 59.wav */ = {isa = PBXFileReference; lastKnownFileType = audio.wav; path = 59.wav; sourceTree = "<group>"; };
		F889D30A2BF22A9700EA19BC /* 7.wav */ = {isa = PBXFileReference; lastKnownFileType = audio.wav; path = 7.wav; sourceTree = "<group>"; };
		F889D30B2BF22A9700EA19BC /* 35.wav */ = {isa = PBXFileReference; lastKnownFileType = audio.wav; path = 35.wav; sourceTree = "<group>"; };
		F889D30C2BF22A9700EA19BC /* 49.wav */ = {isa = PBXFileReference; lastKnownFileType = audio.wav; path = 49.wav; sourceTree = "<group>"; };
		F889D30D2BF22A9700EA19BC /* 93.wav */ = {isa = PBXFileReference; lastKnownFileType = audio.wav; path = 93.wav; sourceTree = "<group>"; };
		F889D30E2BF22A9700EA19BC /* 62.wav */ = {isa = PBXFileReference; lastKnownFileType = audio.wav; path = 62.wav; sourceTree = "<group>"; };
		F889D30F2BF22A9700EA19BC /* 18.wav */ = {isa = PBXFileReference; lastKnownFileType = audio.wav; path = 18.wav; sourceTree = "<group>"; };
		F889D3102BF22A9700EA19BC /* 98.wav */ = {isa = PBXFileReference; lastKnownFileType = audio.wav; path = 98.wav; sourceTree = "<group>"; };
		F889D3112BF22A9700EA19BC /* 71.wav */ = {isa = PBXFileReference; lastKnownFileType = audio.wav; path = 71.wav; sourceTree = "<group>"; };
		F889D3122BF22A9700EA19BC /* 94.wav */ = {isa = PBXFileReference; lastKnownFileType = audio.wav; path = 94.wav; sourceTree = "<group>"; };
		F889D3132BF22A9700EA19BC /* 97.wav */ = {isa = PBXFileReference; lastKnownFileType = audio.wav; path = 97.wav; sourceTree = "<group>"; };
		F889D3142BF22A9700EA19BC /* 1.wav */ = {isa = PBXFileReference; lastKnownFileType = audio.wav; path = 1.wav; sourceTree = "<group>"; };
		F889D3152BF22A9700EA19BC /* 42.wav */ = {isa = PBXFileReference; lastKnownFileType = audio.wav; path = 42.wav; sourceTree = "<group>"; };
		F889D3162BF22A9700EA19BC /* 39.wav */ = {isa = PBXFileReference; lastKnownFileType = audio.wav; path = 39.wav; sourceTree = "<group>"; };
		F889D3172BF22A9700EA19BC /* 28.wav */ = {isa = PBXFileReference; lastKnownFileType = audio.wav; path = 28.wav; sourceTree = "<group>"; };
		F889D3182BF22A9700EA19BC /* 63.wav */ = {isa = PBXFileReference; lastKnownFileType = audio.wav; path = 63.wav; sourceTree = "<group>"; };
		F889D3192BF22A9700EA19BC /* 69.wav */ = {isa = PBXFileReference; lastKnownFileType = audio.wav; path = 69.wav; sourceTree = "<group>"; };
		F889D31A2BF22A9800EA19BC /* 29.wav */ = {isa = PBXFileReference; lastKnownFileType = audio.wav; path = 29.wav; sourceTree = "<group>"; };
		F889D31B2BF22A9800EA19BC /* 58.wav */ = {isa = PBXFileReference; lastKnownFileType = audio.wav; path = 58.wav; sourceTree = "<group>"; };
		F889D31C2BF22A9800EA19BC /* 89.wav */ = {isa = PBXFileReference; lastKnownFileType = audio.wav; path = 89.wav; sourceTree = "<group>"; };
		F889D31D2BF22A9800EA19BC /* 83.wav */ = {isa = PBXFileReference; lastKnownFileType = audio.wav; path = 83.wav; sourceTree = "<group>"; };
		F889D31E2BF22A9800EA19BC /* 72.wav */ = {isa = PBXFileReference; lastKnownFileType = audio.wav; path = 72.wav; sourceTree = "<group>"; };
		F889D31F2BF22A9800EA19BC /* 45.wav */ = {isa = PBXFileReference; lastKnownFileType = audio.wav; path = 45.wav; sourceTree = "<group>"; };
		F889D3202BF22A9800EA19BC /* 54.wav */ = {isa = PBXFileReference; lastKnownFileType = audio.wav; path = 54.wav; sourceTree = "<group>"; };
		F889D3212BF22A9800EA19BC /* 67.wav */ = {isa = PBXFileReference; lastKnownFileType = audio.wav; path = 67.wav; sourceTree = "<group>"; };
		F889D3222BF22A9800EA19BC /* 56.wav */ = {isa = PBXFileReference; lastKnownFileType = audio.wav; path = 56.wav; sourceTree = "<group>"; };
		F889D3232BF22A9800EA19BC /* 64.wav */ = {isa = PBXFileReference; lastKnownFileType = audio.wav; path = 64.wav; sourceTree = "<group>"; };
		F889D3242BF22A9800EA19BC /* 68.wav */ = {isa = PBXFileReference; lastKnownFileType = audio.wav; path = 68.wav; sourceTree = "<group>"; };
		F889D3252BF22A9800EA19BC /* 22.wav */ = {isa = PBXFileReference; lastKnownFileType = audio.wav; path = 22.wav; sourceTree = "<group>"; };
		F889D3262BF22A9800EA19BC /* 38.wav */ = {isa = PBXFileReference; lastKnownFileType = audio.wav; path = 38.wav; sourceTree = "<group>"; };
		F889D3272BF22A9800EA19BC /* 81.wav */ = {isa = PBXFileReference; lastKnownFileType = audio.wav; path = 81.wav; sourceTree = "<group>"; };
		F889D3282BF22A9800EA19BC /* 99.wav */ = {isa = PBXFileReference; lastKnownFileType = audio.wav; path = 99.wav; sourceTree = "<group>"; };
		F889D3292BF22A9800EA19BC /* 92.wav */ = {isa = PBXFileReference; lastKnownFileType = audio.wav; path = 92.wav; sourceTree = "<group>"; };
		F889D32A2BF22A9800EA19BC /* 96.wav */ = {isa = PBXFileReference; lastKnownFileType = audio.wav; path = 96.wav; sourceTree = "<group>"; };
		F889D32B2BF22A9800EA19BC /* 27.wav */ = {isa = PBXFileReference; lastKnownFileType = audio.wav; path = 27.wav; sourceTree = "<group>"; };
		F889D32C2BF22A9800EA19BC /* 36.wav */ = {isa = PBXFileReference; lastKnownFileType = audio.wav; path = 36.wav; sourceTree = "<group>"; };
		F889D32D2BF22A9800EA19BC /* 79.wav */ = {isa = PBXFileReference; lastKnownFileType = audio.wav; path = 79.wav; sourceTree = "<group>"; };
		F889D32E2BF22A9800EA19BC /* 74.wav */ = {isa = PBXFileReference; lastKnownFileType = audio.wav; path = 74.wav; sourceTree = "<group>"; };
		F889D32F2BF22A9800EA19BC /* 76.wav */ = {isa = PBXFileReference; lastKnownFileType = audio.wav; path = 76.wav; sourceTree = "<group>"; };
		F889D3302BF22A9800EA19BC /* 87.wav */ = {isa = PBXFileReference; lastKnownFileType = audio.wav; path = 87.wav; sourceTree = "<group>"; };
		F889D3312BF22A9800EA19BC /* 43.wav */ = {isa = PBXFileReference; lastKnownFileType = audio.wav; path = 43.wav; sourceTree = "<group>"; };
		F889D3322BF22A9800EA19BC /* 21.wav */ = {isa = PBXFileReference; lastKnownFileType = audio.wav; path = 21.wav; sourceTree = "<group>"; };
		F889D3332BF22A9800EA19BC /* 66.wav */ = {isa = PBXFileReference; lastKnownFileType = audio.wav; path = 66.wav; sourceTree = "<group>"; };
		F889D3342BF22A9900EA19BC /* 19.wav */ = {isa = PBXFileReference; lastKnownFileType = audio.wav; path = 19.wav; sourceTree = "<group>"; };
		F889D3352BF22A9900EA19BC /* 32.wav */ = {isa = PBXFileReference; lastKnownFileType = audio.wav; path = 32.wav; sourceTree = "<group>"; };
		F889D3362BF22A9900EA19BC /* 52.wav */ = {isa = PBXFileReference; lastKnownFileType = audio.wav; path = 52.wav; sourceTree = "<group>"; };
		F889D3372BF22A9900EA19BC /* 23.wav */ = {isa = PBXFileReference; lastKnownFileType = audio.wav; path = 23.wav; sourceTree = "<group>"; };
		F889D3382BF22A9900EA19BC /* 33.wav */ = {isa = PBXFileReference; lastKnownFileType = audio.wav; path = 33.wav; sourceTree = "<group>"; };
		F889D3392BF22A9900EA19BC /* 24.wav */ = {isa = PBXFileReference; lastKnownFileType = audio.wav; path = 24.wav; sourceTree = "<group>"; };
		F889D33A2BF22A9900EA19BC /* 57.wav */ = {isa = PBXFileReference; lastKnownFileType = audio.wav; path = 57.wav; sourceTree = "<group>"; };
		F889D33B2BF22A9900EA19BC /* 73.wav */ = {isa = PBXFileReference; lastKnownFileType = audio.wav; path = 73.wav; sourceTree = "<group>"; };
		F889D33C2BF22A9900EA19BC /* 78.wav */ = {isa = PBXFileReference; lastKnownFileType = audio.wav; path = 78.wav; sourceTree = "<group>"; };
		F889D33D2BF22A9900EA19BC /* 82.wav */ = {isa = PBXFileReference; lastKnownFileType = audio.wav; path = 82.wav; sourceTree = "<group>"; };
		F889D33E2BF22A9900EA19BC /* 17.wav */ = {isa = PBXFileReference; lastKnownFileType = audio.wav; path = 17.wav; sourceTree = "<group>"; };
		F889D33F2BF22A9900EA19BC /* 75.wav */ = {isa = PBXFileReference; lastKnownFileType = audio.wav; path = 75.wav; sourceTree = "<group>"; };
		F889D3402BF22A9900EA19BC /* 84.wav */ = {isa = PBXFileReference; lastKnownFileType = audio.wav; path = 84.wav; sourceTree = "<group>"; };
		F889D3412BF22A9900EA19BC /* 88.wav */ = {isa = PBXFileReference; lastKnownFileType = audio.wav; path = 88.wav; sourceTree = "<group>"; };
		F889D3422BF22A9900EA19BC /* 25.wav */ = {isa = PBXFileReference; lastKnownFileType = audio.wav; path = 25.wav; sourceTree = "<group>"; };
		F889D3432BF22A9900EA19BC /* 3.wav */ = {isa = PBXFileReference; lastKnownFileType = audio.wav; path = 3.wav; sourceTree = "<group>"; };
		F889D3442BF22A9900EA19BC /* 61.wav */ = {isa = PBXFileReference; lastKnownFileType = audio.wav; path = 61.wav; sourceTree = "<group>"; };
		F889D3452BF22A9900EA19BC /* 91.wav */ = {isa = PBXFileReference; lastKnownFileType = audio.wav; path = 91.wav; sourceTree = "<group>"; };
		F889D3462BF22A9900EA19BC /* 51.wav */ = {isa = PBXFileReference; lastKnownFileType = audio.wav; path = 51.wav; sourceTree = "<group>"; };
		F889D3472BF22A9900EA19BC /* 12.wav */ = {isa = PBXFileReference; lastKnownFileType = audio.wav; path = 12.wav; sourceTree = "<group>"; };
		F889D3482BF22A9900EA19BC /* 55.wav */ = {isa = PBXFileReference; lastKnownFileType = audio.wav; path = 55.wav; sourceTree = "<group>"; };
		F889D3492BF22A9900EA19BC /* 15.wav */ = {isa = PBXFileReference; lastKnownFileType = audio.wav; path = 15.wav; sourceTree = "<group>"; };
		F889D34A2BF22A9900EA19BC /* 10.wav */ = {isa = PBXFileReference; lastKnownFileType = audio.wav; path = 10.wav; sourceTree = "<group>"; };
		F889D34B2BF22A9900EA19BC /* 37.wav */ = {isa = PBXFileReference; lastKnownFileType = audio.wav; path = 37.wav; sourceTree = "<group>"; };
		F889D34C2BF22A9900EA19BC /* 65.wav */ = {isa = PBXFileReference; lastKnownFileType = audio.wav; path = 65.wav; sourceTree = "<group>"; };
		F889D34D2BF22A9900EA19BC /* 77.wav */ = {isa = PBXFileReference; lastKnownFileType = audio.wav; path = 77.wav; sourceTree = "<group>"; };
		F889D34E2BF22A9900EA19BC /* 86.wav */ = {isa = PBXFileReference; lastKnownFileType = audio.wav; path = 86.wav; sourceTree = "<group>"; };
		F889D34F2BF22A9900EA19BC /* 41.wav */ = {isa = PBXFileReference; lastKnownFileType = audio.wav; path = 41.wav; sourceTree = "<group>"; };
		F889D3502BF22A9900EA19BC /* 48.wav */ = {isa = PBXFileReference; lastKnownFileType = audio.wav; path = 48.wav; sourceTree = "<group>"; };
		F889D3512BF22A9900EA19BC /* 46.wav */ = {isa = PBXFileReference; lastKnownFileType = audio.wav; path = 46.wav; sourceTree = "<group>"; };
		F889D3AD2BF22B7E00EA19BC /* 800.wav */ = {isa = PBXFileReference; lastKnownFileType = audio.wav; path = 800.wav; sourceTree = "<group>"; };
		F889D3AE2BF22B7E00EA19BC /* 300.wav */ = {isa = PBXFileReference; lastKnownFileType = audio.wav; path = 300.wav; sourceTree = "<group>"; };
		F889D3AF2BF22B7E00EA19BC /* 200.wav */ = {isa = PBXFileReference; lastKnownFileType = audio.wav; path = 200.wav; sourceTree = "<group>"; };
		F889D3B02BF22B7E00EA19BC /* 100.wav */ = {isa = PBXFileReference; lastKnownFileType = audio.wav; path = 100.wav; sourceTree = "<group>"; };
		F889D3B12BF22B7E00EA19BC /* 900.wav */ = {isa = PBXFileReference; lastKnownFileType = audio.wav; path = 900.wav; sourceTree = "<group>"; };
		F889D3B22BF22B7E00EA19BC /* 600.wav */ = {isa = PBXFileReference; lastKnownFileType = audio.wav; path = 600.wav; sourceTree = "<group>"; };
		F889D3B32BF22B7E00EA19BC /* 400.wav */ = {isa = PBXFileReference; lastKnownFileType = audio.wav; path = 400.wav; sourceTree = "<group>"; };
		F889D3B42BF22B7E00EA19BC /* 500.wav */ = {isa = PBXFileReference; lastKnownFileType = audio.wav; path = 500.wav; sourceTree = "<group>"; };
		F889D3B52BF22B7E00EA19BC /* 700.wav */ = {isa = PBXFileReference; lastKnownFileType = audio.wav; path = 700.wav; sourceTree = "<group>"; };
		F889D3BF2BF260EC00EA19BC /* minutes.wav */ = {isa = PBXFileReference; lastKnownFileType = audio.wav; path = minutes.wav; sourceTree = "<group>"; };
		F889D3C12BF2617100EA19BC /* Converter.swift */ = {isa = PBXFileReference; lastKnownFileType = sourcecode.swift; path = Converter.swift; sourceTree = "<group>"; };
		F8A5B3FD2C1F1B8F003274D1 /* appicon.jpg */ = {isa = PBXFileReference; lastKnownFileType = image.jpeg; path = appicon.jpg; sourceTree = "<group>"; };
		F8B9224D29CE17AC0081C238 /* NotificationFrequencySection.swift */ = {isa = PBXFileReference; lastKnownFileType = sourcecode.swift; name = NotificationFrequencySection.swift; path = ../../picker/NotificationFrequencySection.swift; sourceTree = "<group>"; };
		F8B9224F29CE3CE40081C238 /* Icon.swift */ = {isa = PBXFileReference; lastKnownFileType = sourcecode.swift; path = Icon.swift; sourceTree = "<group>"; };
		F8CC32C42BF5566D006F2678 /* UnitPicker.swift */ = {isa = PBXFileReference; lastKnownFileType = sourcecode.swift; path = UnitPicker.swift; sourceTree = "<group>"; };
		F8CD82FC29D4B3CC00B82BDF /* AnnounceIcon.swift */ = {isa = PBXFileReference; lastKnownFileType = sourcecode.swift; path = AnnounceIcon.swift; sourceTree = "<group>"; };
		F8CEC5362BF9F5350076B7F2 /* Appearance.swift */ = {isa = PBXFileReference; lastKnownFileType = sourcecode.swift; path = Appearance.swift; sourceTree = "<group>"; };
		F8CEC5382BFA14CD0076B7F2 /* kilometers.wav */ = {isa = PBXFileReference; lastKnownFileType = audio.wav; path = kilometers.wav; sourceTree = "<group>"; };
		F8CEC53A2BFA36980076B7F2 /* kilometer.wav */ = {isa = PBXFileReference; lastKnownFileType = audio.wav; path = kilometer.wav; sourceTree = "<group>"; };
		F8CEC53B2BFA36980076B7F2 /* hour.wav */ = {isa = PBXFileReference; lastKnownFileType = audio.wav; path = hour.wav; sourceTree = "<group>"; };
		F8CEC53E2BFA36B60076B7F2 /* hours.wav */ = {isa = PBXFileReference; lastKnownFileType = audio.wav; path = hours.wav; sourceTree = "<group>"; };
		F8CEC5402BFA3A430076B7F2 /* minute.wav */ = {isa = PBXFileReference; lastKnownFileType = audio.wav; path = minute.wav; sourceTree = "<group>"; };
		F8CEC5442BFB57DE0076B7F2 /* ExerciseListWorkoutState.swift */ = {isa = PBXFileReference; lastKnownFileType = sourcecode.swift; path = ExerciseListWorkoutState.swift; sourceTree = "<group>"; };
		F8DCE02B29D0C6C200085D2B /* ExerciseTracker.swift */ = {isa = PBXFileReference; lastKnownFileType = sourcecode.swift; path = ExerciseTracker.swift; sourceTree = "<group>"; };
		F8DCE03029D0E67200085D2B /* StartButton.swift */ = {isa = PBXFileReference; lastKnownFileType = sourcecode.swift; path = StartButton.swift; sourceTree = "<group>"; };
		F8E4602A2BF7CF10007FF950 /* ExerciseListState.swift */ = {isa = PBXFileReference; lastKnownFileType = sourcecode.swift; path = ExerciseListState.swift; sourceTree = "<group>"; };
		F8E8D72629CE0E0B00CB8B51 /* QuantityPicker.swift */ = {isa = PBXFileReference; lastKnownFileType = sourcecode.swift; path = QuantityPicker.swift; sourceTree = "<group>"; };
		F8FC049A2BF3D90500C3FE3A /* Workout.swift */ = {isa = PBXFileReference; lastKnownFileType = sourcecode.swift; path = Workout.swift; sourceTree = "<group>"; };
		F8FC049C2BF3DA2100C3FE3A /* Exercise.swift */ = {isa = PBXFileReference; lastKnownFileType = sourcecode.swift; path = Exercise.swift; sourceTree = "<group>"; };
		F8FDCA252BF0F1730050CA2C /* AudioProcessor.swift */ = {isa = PBXFileReference; lastKnownFileType = sourcecode.swift; path = AudioProcessor.swift; sourceTree = "<group>"; };
/* End PBXFileReference section */

/* Begin PBXFrameworksBuildPhase section */
		F8722A5228A01635005A2718 /* Frameworks */ = {
			isa = PBXFrameworksBuildPhase;
			buildActionMask = 2147483647;
			files = (
			);
			runOnlyForDeploymentPostprocessing = 0;
		};
		F8722A6228A01636005A2718 /* Frameworks */ = {
			isa = PBXFrameworksBuildPhase;
			buildActionMask = 2147483647;
			files = (
			);
			runOnlyForDeploymentPostprocessing = 0;
		};
		F8722A6C28A01636005A2718 /* Frameworks */ = {
			isa = PBXFrameworksBuildPhase;
			buildActionMask = 2147483647;
			files = (
			);
			runOnlyForDeploymentPostprocessing = 0;
		};
/* End PBXFrameworksBuildPhase section */

/* Begin PBXGroup section */
		F821DBA028E7810E006ABA88 /* preview */ = {
			isa = PBXGroup;
			children = (
			);
			path = preview;
			sourceTree = "<group>";
		};
		F8242C482BF6B4EB003C953C /* editSheet */ = {
			isa = PBXGroup;
			children = (
				F8242C492BF6B564003C953C /* EditSheetIcon.swift */,
				F8242C4B2BF6B892003C953C /* NameSection.swift */,
				F866C40B28D27234007BF8BF /* OptionsSection.swift */,
				F8B9224D29CE17AC0081C238 /* NotificationFrequencySection.swift */,
				F888AB1228B65872007AB401 /* SymbolSection.swift */,
				F888AB1428B65971007AB401 /* ColorSection.swift */,
			);
			path = editSheet;
			sourceTree = "<group>";
		};
		F835315128AA8FBE00BF3CB2 /* userNotifications */ = {
			isa = PBXGroup;
			children = (
				F835315228AA8FCC00BF3CB2 /* UserNotifier.swift */,
				F835309B28A99CD800BF3CB2 /* UserNotificationCenterDelegate.swift */,
			);
			path = userNotifications;
			sourceTree = "<group>";
		};
		F835315428AA909E00BF3CB2 /* location */ = {
			isa = PBXGroup;
			children = (
				F835315528AA90B100BF3CB2 /* LocationManagerDelegate.swift */,
			);
			path = location;
			sourceTree = "<group>";
		};
		F835316B28AD226000BF3CB2 /* model */ = {
			isa = PBXGroup;
			children = (
				F8CC32C62BF55A21006F2678 /* enum */,
				F8FC049A2BF3D90500C3FE3A /* Workout.swift */,
				F8FC049C2BF3DA2100C3FE3A /* Exercise.swift */,
				F8CEC5362BF9F5350076B7F2 /* Appearance.swift */,
			);
			path = model;
			sourceTree = "<group>";
		};
		F835316E28AD253C00BF3CB2 /* Views */ = {
			isa = PBXGroup;
			children = (
				F84B4FD42BF6AF2D00AE2EA1 /* toolbar */,
				F8242C482BF6B4EB003C953C /* editSheet */,
				F888AB1D28B80E78007AB401 /* picker */,
				F888AAC728AEC83C007AB401 /* workout */,
				F888AAC628AEC82A007AB401 /* exercise */,
				F8B9224F29CE3CE40081C238 /* Icon.swift */,
				F8DCE03029D0E67200085D2B /* StartButton.swift */,
			);
			path = Views;
			sourceTree = "<group>";
		};
		F84B4FD42BF6AF2D00AE2EA1 /* toolbar */ = {
			isa = PBXGroup;
			children = (
				F806E05B2BF57A5A00B3B421 /* DoneButton.swift */,
				F81D66362BF56F6A00C7037D /* CancelButton.swift */,
			);
			path = toolbar;
			sourceTree = "<group>";
		};
		F8722A4C28A01635005A2718 = {
			isa = PBXGroup;
			children = (
				F8722A5728A01635005A2718 /* Distance and Interval Notfier */,
				F8722A6828A01636005A2718 /* Distance and Interval NotfierTests */,
				F8722A7228A01636005A2718 /* Distance and Interval NotfierUITests */,
				F8722A5628A01635005A2718 /* Products */,
			);
			sourceTree = "<group>";
		};
		F8722A5628A01635005A2718 /* Products */ = {
			isa = PBXGroup;
			children = (
				F8722A5528A01635005A2718 /* Distance and Interval Notfier.app */,
				F8722A6528A01636005A2718 /* Distance and Interval NotfierTests.xctest */,
				F8722A6F28A01636005A2718 /* Distance and Interval NotfierUITests.xctest */,
			);
			name = Products;
			sourceTree = "<group>";
		};
		F8722A5728A01635005A2718 /* Distance and Interval Notfier */ = {
			isa = PBXGroup;
			children = (
				F87B00822BFE983900FCD5DB /* img */,
				F8FDCA242BF0F1560050CA2C /* audioProcessing */,
				F8DCE02A29D0C6A200085D2B /* exerciseTracking */,
				F821DBA028E7810E006ABA88 /* preview */,
				F835316E28AD253C00BF3CB2 /* Views */,
				F835316B28AD226000BF3CB2 /* model */,
				F835315428AA909E00BF3CB2 /* location */,
				F835315128AA8FBE00BF3CB2 /* userNotifications */,
				F835309F28A9B50D00BF3CB2 /* Distance-and-Interval-Notfier-Info.plist */,
				F8722A5828A01635005A2718 /* Distance_and_Interval_NotfierApp.swift */,
				F8722A5A28A01635005A2718 /* ContentView.swift */,
				F8722A5C28A01636005A2718 /* Assets.xcassets */,
				F8722A5E28A01636005A2718 /* Preview Content */,
				F835309D28A9A18800BF3CB2 /* AppDelegate.swift */,
				F835315928AACC5700BF3CB2 /* SoundsDirectoryManager.swift */,
				F889D3C12BF2617100EA19BC /* Converter.swift */,
				F835316528AC185500BF3CB2 /* ColorScheme.swift */,
				F888AAC828AECE7F007AB401 /* Constants.swift */,
				F889D2D52BF167D700EA19BC /* Log.swift */,
			);
			path = "Distance and Interval Notfier";
			sourceTree = "<group>";
		};
		F8722A5E28A01636005A2718 /* Preview Content */ = {
			isa = PBXGroup;
			children = (
				F8722A5F28A01636005A2718 /* Preview Assets.xcassets */,
			);
			path = "Preview Content";
			sourceTree = "<group>";
		};
		F8722A6828A01636005A2718 /* Distance and Interval NotfierTests */ = {
			isa = PBXGroup;
			children = (
				F8722A6928A01636005A2718 /* Distance_and_Interval_NotfierTests.swift */,
			);
			path = "Distance and Interval NotfierTests";
			sourceTree = "<group>";
		};
		F8722A7228A01636005A2718 /* Distance and Interval NotfierUITests */ = {
			isa = PBXGroup;
			children = (
				F8722A7328A01636005A2718 /* Distance_and_Interval_NotfierUITests.swift */,
				F8722A7528A01636005A2718 /* Distance_and_Interval_NotfierUITestsLaunchTests.swift */,
			);
			path = "Distance and Interval NotfierUITests";
			sourceTree = "<group>";
		};
		F87B00822BFE983900FCD5DB /* img */ = {
			isa = PBXGroup;
			children = (
				F8A5B3FD2C1F1B8F003274D1 /* appicon.jpg */,
			);
			path = img;
			sourceTree = "<group>";
		};
		F888AAC628AEC82A007AB401 /* exercise */ = {
			isa = PBXGroup;
			children = (
				F835316928AC37C600BF3CB2 /* ExerciseList.swift */,
				F835316728AC1BF900BF3CB2 /* ExerciseListItem.swift */,
				F835316F28AD257400BF3CB2 /* ExerciseEditSheet.swift */,
				F8CD82FC29D4B3CC00B82BDF /* AnnounceIcon.swift */,
				F806E05D2BF697B400B3B421 /* ExerciseListToolbar.swift */,
				F8E4602A2BF7CF10007FF950 /* ExerciseListState.swift */,
				F8CEC5442BFB57DE0076B7F2 /* ExerciseListWorkoutState.swift */,
				F87B00C62BFF823800FCD5DB /* ExerciseListConditionalToolbarItem.swift */,
			);
			path = exercise;
			sourceTree = "<group>";
		};
		F888AAC728AEC83C007AB401 /* workout */ = {
			isa = PBXGroup;
			children = (
				F888AAC028AEC418007AB401 /* WorkoutList.swift */,
				F888AAC428AEC825007AB401 /* WorkoutListItem.swift */,
				F888AB1028B4FA13007AB401 /* WorkoutEditSheet.swift */,
			);
			path = workout;
			sourceTree = "<group>";
		};
		F888AB1D28B80E78007AB401 /* picker */ = {
			isa = PBXGroup;
			children = (
				F8E8D72629CE0E0B00CB8B51 /* QuantityPicker.swift */,
				F8CC32C42BF5566D006F2678 /* UnitPicker.swift */,
				F815DE1428CE876D0006577D /* AmountPicker.swift */,
				F8242C4F2BF6BED2003C953C /* SymbolPickerItem.swift */,
				F8242C512BF6C3A2003C953C /* ColorPickerItem.swift */,
			);
			path = picker;
			sourceTree = "<group>";
		};
		F8CC32C62BF55A21006F2678 /* enum */ = {
			isa = PBXGroup;
			children = (
				F81D66322BF55AD800C7037D /* Unit.swift */,
				F81D66342BF55B2F00C7037D /* Quantity.swift */,
				F8242C4D2BF6BAE5003C953C /* NotificationFrequency.swift */,
			);
			path = enum;
			sourceTree = "<group>";
		};
		F8DCE02A29D0C6A200085D2B /* exerciseTracking */ = {
			isa = PBXGroup;
			children = (
				F8DCE02B29D0C6C200085D2B /* ExerciseTracker.swift */,
				F8251EDC2BEFFA7B00E33B1B /* TimeTracker.swift */,
				F8251EDE2BEFFB5500E33B1B /* DistanceTracker.swift */,
			);
			path = exerciseTracking;
			sourceTree = "<group>";
		};
		F8FDCA242BF0F1560050CA2C /* audioProcessing */ = {
			isa = PBXGroup;
			children = (
				F8FDCA2B2BF138140050CA2C /* sounds */,
				F8FDCA252BF0F1730050CA2C /* AudioProcessor.swift */,
				F889D2D72BF1A78D00EA19BC /* NotificationSoundGenerator.swift */,
			);
			path = audioProcessing;
			sourceTree = "<group>";
		};
		F8FDCA2B2BF138140050CA2C /* sounds */ = {
			isa = PBXGroup;
			children = (
				F889D3142BF22A9700EA19BC /* 1.wav */,
				F889D3042BF22A9700EA19BC /* 2.wav */,
				F889D3432BF22A9900EA19BC /* 3.wav */,
				F889D3022BF22A9700EA19BC /* 4.wav */,
				F889D2FF2BF22A9700EA19BC /* 5.wav */,
				F889D3062BF22A9700EA19BC /* 6.wav */,
				F889D30A2BF22A9700EA19BC /* 7.wav */,
				F889D3052BF22A9700EA19BC /* 8.wav */,
				F889D2F92BF22A9600EA19BC /* 9.wav */,
				F889D34A2BF22A9900EA19BC /* 10.wav */,
				F889D3032BF22A9700EA19BC /* 11.wav */,
				F889D3472BF22A9900EA19BC /* 12.wav */,
				F889D2FE2BF22A9700EA19BC /* 13.wav */,
				F889D2F72BF22A9600EA19BC /* 14.wav */,
				F889D3492BF22A9900EA19BC /* 15.wav */,
				F889D2FC2BF22A9700EA19BC /* 16.wav */,
				F889D33E2BF22A9900EA19BC /* 17.wav */,
				F889D30F2BF22A9700EA19BC /* 18.wav */,
				F889D3342BF22A9900EA19BC /* 19.wav */,
				F889D2AD2BF14CD600EA19BC /* 20.wav */,
				F889D3322BF22A9800EA19BC /* 21.wav */,
				F889D3252BF22A9800EA19BC /* 22.wav */,
				F889D3372BF22A9900EA19BC /* 23.wav */,
				F889D3392BF22A9900EA19BC /* 24.wav */,
				F889D3422BF22A9900EA19BC /* 25.wav */,
				F889D3002BF22A9700EA19BC /* 26.wav */,
				F889D32B2BF22A9800EA19BC /* 27.wav */,
				F889D3172BF22A9700EA19BC /* 28.wav */,
				F889D31A2BF22A9800EA19BC /* 29.wav */,
				F889D2D92BF1ABF700EA19BC /* 30.wav */,
				F889D2FB2BF22A9600EA19BC /* 31.wav */,
				F889D3352BF22A9900EA19BC /* 32.wav */,
				F889D3382BF22A9900EA19BC /* 33.wav */,
				F889D3012BF22A9700EA19BC /* 34.wav */,
				F889D30B2BF22A9700EA19BC /* 35.wav */,
				F889D32C2BF22A9800EA19BC /* 36.wav */,
				F889D34B2BF22A9900EA19BC /* 37.wav */,
				F889D3262BF22A9800EA19BC /* 38.wav */,
				F889D3162BF22A9700EA19BC /* 39.wav */,
				F889D2DA2BF1ABF700EA19BC /* 40.wav */,
				F889D34F2BF22A9900EA19BC /* 41.wav */,
				F889D3152BF22A9700EA19BC /* 42.wav */,
				F889D3312BF22A9800EA19BC /* 43.wav */,
				F889D2F82BF22A9600EA19BC /* 44.wav */,
				F889D31F2BF22A9800EA19BC /* 45.wav */,
				F889D3512BF22A9900EA19BC /* 46.wav */,
				F889D2FA2BF22A9600EA19BC /* 47.wav */,
				F889D3502BF22A9900EA19BC /* 48.wav */,
				F889D30C2BF22A9700EA19BC /* 49.wav */,
				F889D2DD2BF1AD7400EA19BC /* 50.wav */,
				F889D3462BF22A9900EA19BC /* 51.wav */,
				F889D3362BF22A9900EA19BC /* 52.wav */,
				F889D2FD2BF22A9700EA19BC /* 53.wav */,
				F889D3202BF22A9800EA19BC /* 54.wav */,
				F889D3482BF22A9900EA19BC /* 55.wav */,
				F889D3222BF22A9800EA19BC /* 56.wav */,
				F889D33A2BF22A9900EA19BC /* 57.wav */,
				F889D31B2BF22A9800EA19BC /* 58.wav */,
				F889D3092BF22A9700EA19BC /* 59.wav */,
				F889D2EC2BF1B7F000EA19BC /* 60.wav */,
				F889D3442BF22A9900EA19BC /* 61.wav */,
				F889D30E2BF22A9700EA19BC /* 62.wav */,
				F889D3182BF22A9700EA19BC /* 63.wav */,
				F889D3232BF22A9800EA19BC /* 64.wav */,
				F889D34C2BF22A9900EA19BC /* 65.wav */,
				F889D3332BF22A9800EA19BC /* 66.wav */,
				F889D3212BF22A9800EA19BC /* 67.wav */,
				F889D3242BF22A9800EA19BC /* 68.wav */,
				F889D3192BF22A9700EA19BC /* 69.wav */,
				F889D2ED2BF1B7F000EA19BC /* 70.wav */,
				F889D3112BF22A9700EA19BC /* 71.wav */,
				F889D31E2BF22A9800EA19BC /* 72.wav */,
				F889D33B2BF22A9900EA19BC /* 73.wav */,
				F889D32E2BF22A9800EA19BC /* 74.wav */,
				F889D33F2BF22A9900EA19BC /* 75.wav */,
				F889D32F2BF22A9800EA19BC /* 76.wav */,
				F889D34D2BF22A9900EA19BC /* 77.wav */,
				F889D33C2BF22A9900EA19BC /* 78.wav */,
				F889D32D2BF22A9800EA19BC /* 79.wav */,
				F889D2EB2BF1B7F000EA19BC /* 80.wav */,
				F889D3272BF22A9800EA19BC /* 81.wav */,
				F889D33D2BF22A9900EA19BC /* 82.wav */,
				F889D31D2BF22A9800EA19BC /* 83.wav */,
				F889D3402BF22A9900EA19BC /* 84.wav */,
				F889D3072BF22A9700EA19BC /* 85.wav */,
				F889D34E2BF22A9900EA19BC /* 86.wav */,
				F889D3302BF22A9800EA19BC /* 87.wav */,
				F889D3412BF22A9900EA19BC /* 88.wav */,
				F889D31C2BF22A9800EA19BC /* 89.wav */,
				F889D2EE2BF1B7F000EA19BC /* 90.wav */,
				F889D3452BF22A9900EA19BC /* 91.wav */,
				F889D3292BF22A9800EA19BC /* 92.wav */,
				F889D30D2BF22A9700EA19BC /* 93.wav */,
				F889D3122BF22A9700EA19BC /* 94.wav */,
				F889D3082BF22A9700EA19BC /* 95.wav */,
				F889D32A2BF22A9800EA19BC /* 96.wav */,
				F889D3132BF22A9700EA19BC /* 97.wav */,
				F889D3102BF22A9700EA19BC /* 98.wav */,
				F889D3282BF22A9800EA19BC /* 99.wav */,
				F889D3B02BF22B7E00EA19BC /* 100.wav */,
				F889D3AF2BF22B7E00EA19BC /* 200.wav */,
				F889D3AE2BF22B7E00EA19BC /* 300.wav */,
				F889D3B32BF22B7E00EA19BC /* 400.wav */,
				F889D3B42BF22B7E00EA19BC /* 500.wav */,
				F889D3B22BF22B7E00EA19BC /* 600.wav */,
				F889D3B52BF22B7E00EA19BC /* 700.wav */,
				F889D3AD2BF22B7E00EA19BC /* 800.wav */,
				F889D3B12BF22B7E00EA19BC /* 900.wav */,
				F889D2E82BF1B66600EA19BC /* seconds.wav */,
				F8CEC5402BFA3A430076B7F2 /* minute.wav */,
				F889D3BF2BF260EC00EA19BC /* minutes.wav */,
				F8CEC53B2BFA36980076B7F2 /* hour.wav */,
				F8CEC53E2BFA36B60076B7F2 /* hours.wav */,
				F889D2E72BF1B66600EA19BC /* meters.wav */,
				F8CEC53A2BFA36980076B7F2 /* kilometer.wav */,
				F8CEC5382BFA14CD0076B7F2 /* kilometers.wav */,
				F81537B22C1DA40C006FE5FC /* openapp.wav */,
			);
			path = sounds;
			sourceTree = "<group>";
		};
/* End PBXGroup section */

/* Begin PBXNativeTarget section */
		F8722A5428A01635005A2718 /* Distance and Interval Notfier */ = {
			isa = PBXNativeTarget;
			buildConfigurationList = F8722A7928A01637005A2718 /* Build configuration list for PBXNativeTarget "Distance and Interval Notfier" */;
			buildPhases = (
				F8722A5128A01635005A2718 /* Sources */,
				F8722A5228A01635005A2718 /* Frameworks */,
				F8722A5328A01635005A2718 /* Resources */,
			);
			buildRules = (
			);
			dependencies = (
			);
			name = "Distance and Interval Notfier";
			productName = "Distance and Interval Notfier";
			productReference = F8722A5528A01635005A2718 /* Distance and Interval Notfier.app */;
			productType = "com.apple.product-type.application";
		};
		F8722A6428A01636005A2718 /* Distance and Interval NotfierTests */ = {
			isa = PBXNativeTarget;
			buildConfigurationList = F8722A7C28A01637005A2718 /* Build configuration list for PBXNativeTarget "Distance and Interval NotfierTests" */;
			buildPhases = (
				F8722A6128A01636005A2718 /* Sources */,
				F8722A6228A01636005A2718 /* Frameworks */,
				F8722A6328A01636005A2718 /* Resources */,
			);
			buildRules = (
			);
			dependencies = (
				F8722A6728A01636005A2718 /* PBXTargetDependency */,
			);
			name = "Distance and Interval NotfierTests";
			productName = "Distance and Interval NotfierTests";
			productReference = F8722A6528A01636005A2718 /* Distance and Interval NotfierTests.xctest */;
			productType = "com.apple.product-type.bundle.unit-test";
		};
		F8722A6E28A01636005A2718 /* Distance and Interval NotfierUITests */ = {
			isa = PBXNativeTarget;
			buildConfigurationList = F8722A7F28A01637005A2718 /* Build configuration list for PBXNativeTarget "Distance and Interval NotfierUITests" */;
			buildPhases = (
				F8722A6B28A01636005A2718 /* Sources */,
				F8722A6C28A01636005A2718 /* Frameworks */,
				F8722A6D28A01636005A2718 /* Resources */,
			);
			buildRules = (
			);
			dependencies = (
				F8722A7128A01636005A2718 /* PBXTargetDependency */,
			);
			name = "Distance and Interval NotfierUITests";
			productName = "Distance and Interval NotfierUITests";
			productReference = F8722A6F28A01636005A2718 /* Distance and Interval NotfierUITests.xctest */;
			productType = "com.apple.product-type.bundle.ui-testing";
		};
/* End PBXNativeTarget section */

/* Begin PBXProject section */
		F8722A4D28A01635005A2718 /* Project object */ = {
			isa = PBXProject;
			attributes = {
				BuildIndependentTargetsInParallel = 1;
				LastSwiftUpdateCheck = 1340;
				LastUpgradeCheck = 1540;
				TargetAttributes = {
					F8722A5428A01635005A2718 = {
						CreatedOnToolsVersion = 13.4.1;
					};
					F8722A6428A01636005A2718 = {
						CreatedOnToolsVersion = 13.4.1;
						TestTargetID = F8722A5428A01635005A2718;
					};
					F8722A6E28A01636005A2718 = {
						CreatedOnToolsVersion = 13.4.1;
						TestTargetID = F8722A5428A01635005A2718;
					};
				};
			};
			buildConfigurationList = F8722A5028A01635005A2718 /* Build configuration list for PBXProject "Distance and Interval Notfier" */;
			compatibilityVersion = "Xcode 13.0";
			developmentRegion = en;
			hasScannedForEncodings = 0;
			knownRegions = (
				en,
				Base,
			);
			mainGroup = F8722A4C28A01635005A2718;
			productRefGroup = F8722A5628A01635005A2718 /* Products */;
			projectDirPath = "";
			projectRoot = "";
			targets = (
				F8722A5428A01635005A2718 /* Distance and Interval Notfier */,
				F8722A6428A01636005A2718 /* Distance and Interval NotfierTests */,
				F8722A6E28A01636005A2718 /* Distance and Interval NotfierUITests */,
			);
		};
/* End PBXProject section */

/* Begin PBXResourcesBuildPhase section */
		F8722A5328A01635005A2718 /* Resources */ = {
			isa = PBXResourcesBuildPhase;
			buildActionMask = 2147483647;
			files = (
				F889D38F2BF22A9900EA19BC /* 19.wav in Resources */,
				F889D38D2BF22A9900EA19BC /* 21.wav in Resources */,
				F889D3A32BF22A9900EA19BC /* 55.wav in Resources */,
				F889D3832BF22A9900EA19BC /* 99.wav in Resources */,
				F889D3692BF22A9900EA19BC /* 62.wav in Resources */,
				F889D3712BF22A9900EA19BC /* 39.wav in Resources */,
				F889D3B72BF22B7E00EA19BC /* 300.wav in Resources */,
				F889D35B2BF22A9900EA19BC /* 26.wav in Resources */,
				F889D39A2BF22A9900EA19BC /* 75.wav in Resources */,
				F889D3532BF22A9900EA19BC /* 44.wav in Resources */,
				F889D2DC2BF1ABF700EA19BC /* 40.wav in Resources */,
				F889D35D2BF22A9900EA19BC /* 4.wav in Resources */,
				F889D3802BF22A9900EA19BC /* 22.wav in Resources */,
				F889D3642BF22A9900EA19BC /* 59.wav in Resources */,
				F889D2DE2BF1AD7400EA19BC /* 50.wav in Resources */,
				F889D3962BF22A9900EA19BC /* 73.wav in Resources */,
				F889D3662BF22A9900EA19BC /* 35.wav in Resources */,
				F8CEC53C2BFA36980076B7F2 /* kilometer.wav in Resources */,
				F889D3A12BF22A9900EA19BC /* 51.wav in Resources */,
				F889D2EA2BF1B66600EA19BC /* seconds.wav in Resources */,
				F889D3BB2BF22B7E00EA19BC /* 600.wav in Resources */,
				F889D2F22BF1B7F000EA19BC /* 90.wav in Resources */,
				F889D3A62BF22A9900EA19BC /* 37.wav in Resources */,
				F889D35A2BF22A9900EA19BC /* 5.wav in Resources */,
				F889D3702BF22A9900EA19BC /* 42.wav in Resources */,
				F889D3592BF22A9900EA19BC /* 13.wav in Resources */,
				F889D3792BF22A9900EA19BC /* 72.wav in Resources */,
				F889D3742BF22A9900EA19BC /* 69.wav in Resources */,
				F8A5B3FE2C1F1B90003274D1 /* appicon.jpg in Resources */,
				F889D3BE2BF22B7E00EA19BC /* 700.wav in Resources */,
				F889D37D2BF22A9900EA19BC /* 56.wav in Resources */,
				F889D39B2BF22A9900EA19BC /* 84.wav in Resources */,
				F889D3542BF22A9900EA19BC /* 9.wav in Resources */,
				F889D2F12BF1B7F000EA19BC /* 70.wav in Resources */,
				F8CEC53D2BFA36980076B7F2 /* hour.wav in Resources */,
				F889D2E92BF1B66600EA19BC /* meters.wav in Resources */,
				F889D3612BF22A9900EA19BC /* 6.wav in Resources */,
				F889D3C02BF260EC00EA19BC /* minutes.wav in Resources */,
				F889D3572BF22A9900EA19BC /* 16.wav in Resources */,
				F889D3632BF22A9900EA19BC /* 95.wav in Resources */,
				F889D3622BF22A9900EA19BC /* 85.wav in Resources */,
				F889D3972BF22A9900EA19BC /* 78.wav in Resources */,
				F889D35C2BF22A9900EA19BC /* 34.wav in Resources */,
				F889D36D2BF22A9900EA19BC /* 94.wav in Resources */,
				F889D3772BF22A9900EA19BC /* 89.wav in Resources */,
				F889D3AA2BF22A9900EA19BC /* 41.wav in Resources */,
				F889D3A22BF22A9900EA19BC /* 12.wav in Resources */,
				F889D3522BF22A9900EA19BC /* 14.wav in Resources */,
				F889D3862BF22A9900EA19BC /* 27.wav in Resources */,
				F889D3852BF22A9900EA19BC /* 96.wav in Resources */,
				F889D39D2BF22A9900EA19BC /* 25.wav in Resources */,
				F889D3A82BF22A9900EA19BC /* 77.wav in Resources */,
				F889D3562BF22A9900EA19BC /* 31.wav in Resources */,
				F889D3672BF22A9900EA19BC /* 49.wav in Resources */,
				F889D38C2BF22A9900EA19BC /* 43.wav in Resources */,
				F8CEC53F2BFA36B60076B7F2 /* hours.wav in Resources */,
				F889D3872BF22A9900EA19BC /* 36.wav in Resources */,
				F889D3A02BF22A9900EA19BC /* 91.wav in Resources */,
				F889D3902BF22A9900EA19BC /* 32.wav in Resources */,
				F81537B32C1DA40C006FE5FC /* openapp.wav in Resources */,
				F889D3982BF22A9900EA19BC /* 82.wav in Resources */,
				F889D2EF2BF1B7F000EA19BC /* 80.wav in Resources */,
				F889D2DB2BF1ABF700EA19BC /* 30.wav in Resources */,
				F889D39E2BF22A9900EA19BC /* 3.wav in Resources */,
				F889D3582BF22A9900EA19BC /* 53.wav in Resources */,
				F889D38A2BF22A9900EA19BC /* 76.wav in Resources */,
				F889D2F02BF1B7F000EA19BC /* 60.wav in Resources */,
				F889D39C2BF22A9900EA19BC /* 88.wav in Resources */,
				F889D3B92BF22B7E00EA19BC /* 100.wav in Resources */,
				F889D3602BF22A9900EA19BC /* 8.wav in Resources */,
				F889D36F2BF22A9900EA19BC /* 1.wav in Resources */,
				F889D3552BF22A9900EA19BC /* 47.wav in Resources */,
				F889D35F2BF22A9900EA19BC /* 2.wav in Resources */,
				F889D3BC2BF22B7E00EA19BC /* 400.wav in Resources */,
				F889D3952BF22A9900EA19BC /* 57.wav in Resources */,
				F889D3782BF22A9900EA19BC /* 83.wav in Resources */,
				F889D37E2BF22A9900EA19BC /* 64.wav in Resources */,
				F8CEC5412BFA3A430076B7F2 /* minute.wav in Resources */,
				F889D3822BF22A9900EA19BC /* 81.wav in Resources */,
				F889D3932BF22A9900EA19BC /* 33.wav in Resources */,
				F889D3BD2BF22B7E00EA19BC /* 500.wav in Resources */,
				F889D3AB2BF22A9900EA19BC /* 48.wav in Resources */,
				F889D3942BF22A9900EA19BC /* 24.wav in Resources */,
				F889D3A42BF22A9900EA19BC /* 15.wav in Resources */,
				F889D3BA2BF22B7E00EA19BC /* 900.wav in Resources */,
				F8CEC5392BFA14CD0076B7F2 /* kilometers.wav in Resources */,
				F889D3752BF22A9900EA19BC /* 29.wav in Resources */,
				F889D36C2BF22A9900EA19BC /* 71.wav in Resources */,
				F889D3922BF22A9900EA19BC /* 23.wav in Resources */,
				F889D3882BF22A9900EA19BC /* 79.wav in Resources */,
				F889D37F2BF22A9900EA19BC /* 68.wav in Resources */,
				F889D3762BF22A9900EA19BC /* 58.wav in Resources */,
				F889D37C2BF22A9900EA19BC /* 67.wav in Resources */,
				F889D38B2BF22A9900EA19BC /* 87.wav in Resources */,
				F8722A6028A01636005A2718 /* Preview Assets.xcassets in Resources */,
				F889D3992BF22A9900EA19BC /* 17.wav in Resources */,
				F889D3B62BF22B7E00EA19BC /* 800.wav in Resources */,
				F889D35E2BF22A9900EA19BC /* 11.wav in Resources */,
				F889D37B2BF22A9900EA19BC /* 54.wav in Resources */,
				F889D36A2BF22A9900EA19BC /* 18.wav in Resources */,
				F889D3732BF22A9900EA19BC /* 63.wav in Resources */,
				F889D2AE2BF14CD600EA19BC /* 20.wav in Resources */,
				F889D3912BF22A9900EA19BC /* 52.wav in Resources */,
				F889D3842BF22A9900EA19BC /* 92.wav in Resources */,
				F889D3652BF22A9900EA19BC /* 7.wav in Resources */,
				F889D3682BF22A9900EA19BC /* 93.wav in Resources */,
				F889D3812BF22A9900EA19BC /* 38.wav in Resources */,
				F889D37A2BF22A9900EA19BC /* 45.wav in Resources */,
				F889D38E2BF22A9900EA19BC /* 66.wav in Resources */,
				F889D3A72BF22A9900EA19BC /* 65.wav in Resources */,
				F889D3A92BF22A9900EA19BC /* 86.wav in Resources */,
				F889D3722BF22A9900EA19BC /* 28.wav in Resources */,
				F889D3A52BF22A9900EA19BC /* 10.wav in Resources */,
				F889D3B82BF22B7E00EA19BC /* 200.wav in Resources */,
				F8722A5D28A01636005A2718 /* Assets.xcassets in Resources */,
				F889D36E2BF22A9900EA19BC /* 97.wav in Resources */,
				F889D3892BF22A9900EA19BC /* 74.wav in Resources */,
				F889D39F2BF22A9900EA19BC /* 61.wav in Resources */,
				F889D3AC2BF22A9900EA19BC /* 46.wav in Resources */,
				F889D36B2BF22A9900EA19BC /* 98.wav in Resources */,
			);
			runOnlyForDeploymentPostprocessing = 0;
		};
		F8722A6328A01636005A2718 /* Resources */ = {
			isa = PBXResourcesBuildPhase;
			buildActionMask = 2147483647;
			files = (
			);
			runOnlyForDeploymentPostprocessing = 0;
		};
		F8722A6D28A01636005A2718 /* Resources */ = {
			isa = PBXResourcesBuildPhase;
			buildActionMask = 2147483647;
			files = (
			);
			runOnlyForDeploymentPostprocessing = 0;
		};
/* End PBXResourcesBuildPhase section */

/* Begin PBXSourcesBuildPhase section */
		F8722A5128A01635005A2718 /* Sources */ = {
			isa = PBXSourcesBuildPhase;
			buildActionMask = 2147483647;
			files = (
				F835315328AA8FCC00BF3CB2 /* UserNotifier.swift in Sources */,
				F835309E28A9A18800BF3CB2 /* AppDelegate.swift in Sources */,
				F8242C4A2BF6B564003C953C /* EditSheetIcon.swift in Sources */,
				F81D66352BF55B2F00C7037D /* Quantity.swift in Sources */,
				F888AB1128B4FA13007AB401 /* WorkoutEditSheet.swift in Sources */,
				F888AAC128AEC418007AB401 /* WorkoutList.swift in Sources */,
				F8FC049D2BF3DA2100C3FE3A /* Exercise.swift in Sources */,
				F8B9225029CE3CE40081C238 /* Icon.swift in Sources */,
				F8CC32C52BF5566D006F2678 /* UnitPicker.swift in Sources */,
				F835315628AA90B100BF3CB2 /* LocationManagerDelegate.swift in Sources */,
				F889D2D62BF167D700EA19BC /* Log.swift in Sources */,
				F8B9224E29CE17AC0081C238 /* NotificationFrequencySection.swift in Sources */,
				F835317028AD257400BF3CB2 /* ExerciseEditSheet.swift in Sources */,
				F87B00C72BFF823800FCD5DB /* ExerciseListConditionalToolbarItem.swift in Sources */,
				F888AB1528B65971007AB401 /* ColorSection.swift in Sources */,
				F835315A28AACC5700BF3CB2 /* SoundsDirectoryManager.swift in Sources */,
				F8242C4E2BF6BAE5003C953C /* NotificationFrequency.swift in Sources */,
				F889D3C22BF2617100EA19BC /* Converter.swift in Sources */,
				F81D66332BF55AD800C7037D /* Unit.swift in Sources */,
				F8242C4C2BF6B892003C953C /* NameSection.swift in Sources */,
				F8722A5B28A01635005A2718 /* ContentView.swift in Sources */,
				F888AAC528AEC825007AB401 /* WorkoutListItem.swift in Sources */,
				F806E05C2BF57A5A00B3B421 /* DoneButton.swift in Sources */,
				F8E4602B2BF7CF10007FF950 /* ExerciseListState.swift in Sources */,
				F8DCE03129D0E67200085D2B /* StartButton.swift in Sources */,
				F8E8D72729CE0E0B00CB8B51 /* QuantityPicker.swift in Sources */,
				F835316828AC1BF900BF3CB2 /* ExerciseListItem.swift in Sources */,
				F8251EDF2BEFFB5500E33B1B /* DistanceTracker.swift in Sources */,
				F806E05E2BF697B400B3B421 /* ExerciseListToolbar.swift in Sources */,
				F8FC049B2BF3D90500C3FE3A /* Workout.swift in Sources */,
				F835316628AC185500BF3CB2 /* ColorScheme.swift in Sources */,
				F8251EDD2BEFFA7B00E33B1B /* TimeTracker.swift in Sources */,
				F81D66372BF56F6A00C7037D /* CancelButton.swift in Sources */,
				F8CEC5452BFB57DE0076B7F2 /* ExerciseListWorkoutState.swift in Sources */,
				F888AB1328B65872007AB401 /* SymbolSection.swift in Sources */,
				F8722A5928A01635005A2718 /* Distance_and_Interval_NotfierApp.swift in Sources */,
				F889D2D82BF1A78D00EA19BC /* NotificationSoundGenerator.swift in Sources */,
				F866C40C28D27234007BF8BF /* OptionsSection.swift in Sources */,
				F8FDCA262BF0F1730050CA2C /* AudioProcessor.swift in Sources */,
				F888AAC928AECE7F007AB401 /* Constants.swift in Sources */,
				F8DCE02C29D0C6C200085D2B /* ExerciseTracker.swift in Sources */,
				F8CEC5372BF9F5350076B7F2 /* Appearance.swift in Sources */,
				F835309C28A99CD800BF3CB2 /* UserNotificationCenterDelegate.swift in Sources */,
				F815DE1528CE876D0006577D /* AmountPicker.swift in Sources */,
				F8242C502BF6BED2003C953C /* SymbolPickerItem.swift in Sources */,
				F8CD82FD29D4B3CC00B82BDF /* AnnounceIcon.swift in Sources */,
				F8242C522BF6C3A2003C953C /* ColorPickerItem.swift in Sources */,
				F835316A28AC37C600BF3CB2 /* ExerciseList.swift in Sources */,
			);
			runOnlyForDeploymentPostprocessing = 0;
		};
		F8722A6128A01636005A2718 /* Sources */ = {
			isa = PBXSourcesBuildPhase;
			buildActionMask = 2147483647;
			files = (
				F8722A6A28A01636005A2718 /* Distance_and_Interval_NotfierTests.swift in Sources */,
			);
			runOnlyForDeploymentPostprocessing = 0;
		};
		F8722A6B28A01636005A2718 /* Sources */ = {
			isa = PBXSourcesBuildPhase;
			buildActionMask = 2147483647;
			files = (
				F8722A7628A01636005A2718 /* Distance_and_Interval_NotfierUITestsLaunchTests.swift in Sources */,
				F8722A7428A01636005A2718 /* Distance_and_Interval_NotfierUITests.swift in Sources */,
			);
			runOnlyForDeploymentPostprocessing = 0;
		};
/* End PBXSourcesBuildPhase section */

/* Begin PBXTargetDependency section */
		F8722A6728A01636005A2718 /* PBXTargetDependency */ = {
			isa = PBXTargetDependency;
			target = F8722A5428A01635005A2718 /* Distance and Interval Notfier */;
			targetProxy = F8722A6628A01636005A2718 /* PBXContainerItemProxy */;
		};
		F8722A7128A01636005A2718 /* PBXTargetDependency */ = {
			isa = PBXTargetDependency;
			target = F8722A5428A01635005A2718 /* Distance and Interval Notfier */;
			targetProxy = F8722A7028A01636005A2718 /* PBXContainerItemProxy */;
		};
/* End PBXTargetDependency section */

/* Begin XCBuildConfiguration section */
		F8722A7728A01636005A2718 /* Debug */ = {
			isa = XCBuildConfiguration;
			buildSettings = {
				ALWAYS_SEARCH_USER_PATHS = NO;
				CLANG_ANALYZER_LOCALIZABILITY_NONLOCALIZED = YES;
				CLANG_ANALYZER_NONNULL = YES;
				CLANG_ANALYZER_NUMBER_OBJECT_CONVERSION = YES_AGGRESSIVE;
				CLANG_CXX_LANGUAGE_STANDARD = "gnu++17";
				CLANG_ENABLE_MODULES = YES;
				CLANG_ENABLE_OBJC_ARC = YES;
				CLANG_ENABLE_OBJC_WEAK = YES;
				CLANG_WARN_BLOCK_CAPTURE_AUTORELEASING = YES;
				CLANG_WARN_BOOL_CONVERSION = YES;
				CLANG_WARN_COMMA = YES;
				CLANG_WARN_CONSTANT_CONVERSION = YES;
				CLANG_WARN_DEPRECATED_OBJC_IMPLEMENTATIONS = YES;
				CLANG_WARN_DIRECT_OBJC_ISA_USAGE = YES_ERROR;
				CLANG_WARN_DOCUMENTATION_COMMENTS = YES;
				CLANG_WARN_EMPTY_BODY = YES;
				CLANG_WARN_ENUM_CONVERSION = YES;
				CLANG_WARN_INFINITE_RECURSION = YES;
				CLANG_WARN_INT_CONVERSION = YES;
				CLANG_WARN_NON_LITERAL_NULL_CONVERSION = YES;
				CLANG_WARN_OBJC_IMPLICIT_RETAIN_SELF = YES;
				CLANG_WARN_OBJC_LITERAL_CONVERSION = YES;
				CLANG_WARN_OBJC_ROOT_CLASS = YES_ERROR;
				CLANG_WARN_QUOTED_INCLUDE_IN_FRAMEWORK_HEADER = YES;
				CLANG_WARN_RANGE_LOOP_ANALYSIS = YES;
				CLANG_WARN_STRICT_PROTOTYPES = YES;
				CLANG_WARN_SUSPICIOUS_MOVE = YES;
				CLANG_WARN_UNGUARDED_AVAILABILITY = YES_AGGRESSIVE;
				CLANG_WARN_UNREACHABLE_CODE = YES;
				CLANG_WARN__DUPLICATE_METHOD_MATCH = YES;
				COPY_PHASE_STRIP = NO;
				DEBUG_INFORMATION_FORMAT = dwarf;
				ENABLE_STRICT_OBJC_MSGSEND = YES;
				ENABLE_TESTABILITY = YES;
				ENABLE_USER_SCRIPT_SANDBOXING = YES;
				GCC_C_LANGUAGE_STANDARD = gnu11;
				GCC_DYNAMIC_NO_PIC = NO;
				GCC_NO_COMMON_BLOCKS = YES;
				GCC_OPTIMIZATION_LEVEL = 0;
				GCC_PREPROCESSOR_DEFINITIONS = (
					"DEBUG=1",
					"$(inherited)",
				);
				GCC_WARN_64_TO_32_BIT_CONVERSION = YES;
				GCC_WARN_ABOUT_RETURN_TYPE = YES_ERROR;
				GCC_WARN_UNDECLARED_SELECTOR = YES;
				GCC_WARN_UNINITIALIZED_AUTOS = YES_AGGRESSIVE;
				GCC_WARN_UNUSED_FUNCTION = YES;
				GCC_WARN_UNUSED_VARIABLE = YES;
				IPHONEOS_DEPLOYMENT_TARGET = 17.0;
				MTL_ENABLE_DEBUG_INFO = INCLUDE_SOURCE;
				MTL_FAST_MATH = YES;
				ONLY_ACTIVE_ARCH = YES;
				SDKROOT = iphoneos;
				SWIFT_ACTIVE_COMPILATION_CONDITIONS = DEBUG;
				SWIFT_OPTIMIZATION_LEVEL = "-Onone";
			};
			name = Debug;
		};
		F8722A7828A01636005A2718 /* Release */ = {
			isa = XCBuildConfiguration;
			buildSettings = {
				ALWAYS_SEARCH_USER_PATHS = NO;
				CLANG_ANALYZER_LOCALIZABILITY_NONLOCALIZED = YES;
				CLANG_ANALYZER_NONNULL = YES;
				CLANG_ANALYZER_NUMBER_OBJECT_CONVERSION = YES_AGGRESSIVE;
				CLANG_CXX_LANGUAGE_STANDARD = "gnu++17";
				CLANG_ENABLE_MODULES = YES;
				CLANG_ENABLE_OBJC_ARC = YES;
				CLANG_ENABLE_OBJC_WEAK = YES;
				CLANG_WARN_BLOCK_CAPTURE_AUTORELEASING = YES;
				CLANG_WARN_BOOL_CONVERSION = YES;
				CLANG_WARN_COMMA = YES;
				CLANG_WARN_CONSTANT_CONVERSION = YES;
				CLANG_WARN_DEPRECATED_OBJC_IMPLEMENTATIONS = YES;
				CLANG_WARN_DIRECT_OBJC_ISA_USAGE = YES_ERROR;
				CLANG_WARN_DOCUMENTATION_COMMENTS = YES;
				CLANG_WARN_EMPTY_BODY = YES;
				CLANG_WARN_ENUM_CONVERSION = YES;
				CLANG_WARN_INFINITE_RECURSION = YES;
				CLANG_WARN_INT_CONVERSION = YES;
				CLANG_WARN_NON_LITERAL_NULL_CONVERSION = YES;
				CLANG_WARN_OBJC_IMPLICIT_RETAIN_SELF = YES;
				CLANG_WARN_OBJC_LITERAL_CONVERSION = YES;
				CLANG_WARN_OBJC_ROOT_CLASS = YES_ERROR;
				CLANG_WARN_QUOTED_INCLUDE_IN_FRAMEWORK_HEADER = YES;
				CLANG_WARN_RANGE_LOOP_ANALYSIS = YES;
				CLANG_WARN_STRICT_PROTOTYPES = YES;
				CLANG_WARN_SUSPICIOUS_MOVE = YES;
				CLANG_WARN_UNGUARDED_AVAILABILITY = YES_AGGRESSIVE;
				CLANG_WARN_UNREACHABLE_CODE = YES;
				CLANG_WARN__DUPLICATE_METHOD_MATCH = YES;
				COPY_PHASE_STRIP = NO;
				DEBUG_INFORMATION_FORMAT = "dwarf-with-dsym";
				ENABLE_NS_ASSERTIONS = NO;
				ENABLE_STRICT_OBJC_MSGSEND = YES;
				ENABLE_USER_SCRIPT_SANDBOXING = YES;
				GCC_C_LANGUAGE_STANDARD = gnu11;
				GCC_NO_COMMON_BLOCKS = YES;
				GCC_WARN_64_TO_32_BIT_CONVERSION = YES;
				GCC_WARN_ABOUT_RETURN_TYPE = YES_ERROR;
				GCC_WARN_UNDECLARED_SELECTOR = YES;
				GCC_WARN_UNINITIALIZED_AUTOS = YES_AGGRESSIVE;
				GCC_WARN_UNUSED_FUNCTION = YES;
				GCC_WARN_UNUSED_VARIABLE = YES;
				IPHONEOS_DEPLOYMENT_TARGET = 17.0;
				MTL_ENABLE_DEBUG_INFO = NO;
				MTL_FAST_MATH = YES;
				SDKROOT = iphoneos;
				SWIFT_COMPILATION_MODE = wholemodule;
				SWIFT_OPTIMIZATION_LEVEL = "-O";
				VALIDATE_PRODUCT = YES;
			};
			name = Release;
		};
		F8722A7A28A01637005A2718 /* Debug */ = {
			isa = XCBuildConfiguration;
			buildSettings = {
				ASSETCATALOG_COMPILER_APPICON_NAME = AppIcon;
				ASSETCATALOG_COMPILER_GLOBAL_ACCENT_COLOR_NAME = AccentColor;
				CODE_SIGN_STYLE = Automatic;
				CURRENT_PROJECT_VERSION = 1;
				DEVELOPMENT_ASSET_PATHS = "\"Distance and Interval Notfier/Preview Content\"";
				DEVELOPMENT_TEAM = NQ733BXCZL;
				ENABLE_PREVIEWS = YES;
				GENERATE_INFOPLIST_FILE = YES;
				INFOPLIST_FILE = "Distance-and-Interval-Notfier-Info.plist";
				INFOPLIST_KEY_CFBundleDisplayName = "Workout Tracker";
				INFOPLIST_KEY_LSApplicationCategoryType = "public.app-category.healthcare-fitness";
				INFOPLIST_KEY_NSLocationAlwaysAndWhenInUseUsageDescription = "";
				INFOPLIST_KEY_NSLocationWhenInUseUsageDescription = "";
				INFOPLIST_KEY_UIApplicationSceneManifest_Generation = YES;
				INFOPLIST_KEY_UIApplicationSupportsIndirectInputEvents = YES;
				INFOPLIST_KEY_UILaunchScreen_Generation = YES;
				INFOPLIST_KEY_UISupportedInterfaceOrientations = "UIInterfaceOrientationLandscapeLeft UIInterfaceOrientationLandscapeRight UIInterfaceOrientationPortrait UIInterfaceOrientationPortraitUpsideDown";
				IPHONEOS_DEPLOYMENT_TARGET = 17.0;
				LD_RUNPATH_SEARCH_PATHS = (
					"$(inherited)",
					"@executable_path/Frameworks",
				);
				MARKETING_VERSION = 1.0;
				PRODUCT_BUNDLE_IDENTIFIER = "com.each-and-every.workout-tracker";
				PRODUCT_NAME = "$(TARGET_NAME)";
				SWIFT_EMIT_LOC_STRINGS = YES;
				SWIFT_VERSION = 5.0;
				TARGETED_DEVICE_FAMILY = "1,2";
			};
			name = Debug;
		};
		F8722A7B28A01637005A2718 /* Release */ = {
			isa = XCBuildConfiguration;
			buildSettings = {
				ASSETCATALOG_COMPILER_APPICON_NAME = AppIcon;
				ASSETCATALOG_COMPILER_GLOBAL_ACCENT_COLOR_NAME = AccentColor;
				CODE_SIGN_STYLE = Automatic;
				CURRENT_PROJECT_VERSION = 1;
				DEVELOPMENT_ASSET_PATHS = "\"Distance and Interval Notfier/Preview Content\"";
				DEVELOPMENT_TEAM = NQ733BXCZL;
				ENABLE_PREVIEWS = YES;
				GENERATE_INFOPLIST_FILE = YES;
				INFOPLIST_FILE = "Distance-and-Interval-Notfier-Info.plist";
				INFOPLIST_KEY_CFBundleDisplayName = "Workout Tracker";
				INFOPLIST_KEY_LSApplicationCategoryType = "public.app-category.healthcare-fitness";
				INFOPLIST_KEY_NSLocationAlwaysAndWhenInUseUsageDescription = "";
				INFOPLIST_KEY_NSLocationWhenInUseUsageDescription = "";
				INFOPLIST_KEY_UIApplicationSceneManifest_Generation = YES;
				INFOPLIST_KEY_UIApplicationSupportsIndirectInputEvents = YES;
				INFOPLIST_KEY_UILaunchScreen_Generation = YES;
				INFOPLIST_KEY_UISupportedInterfaceOrientations = "UIInterfaceOrientationLandscapeLeft UIInterfaceOrientationLandscapeRight UIInterfaceOrientationPortrait UIInterfaceOrientationPortraitUpsideDown";
				IPHONEOS_DEPLOYMENT_TARGET = 17.0;
				LD_RUNPATH_SEARCH_PATHS = (
					"$(inherited)",
					"@executable_path/Frameworks",
				);
				MARKETING_VERSION = 1.0;
				PRODUCT_BUNDLE_IDENTIFIER = "com.each-and-every.workout-tracker";
				PRODUCT_NAME = "$(TARGET_NAME)";
				SWIFT_EMIT_LOC_STRINGS = YES;
				SWIFT_VERSION = 5.0;
				TARGETED_DEVICE_FAMILY = "1,2";
			};
			name = Release;
		};
		F8722A7D28A01637005A2718 /* Debug */ = {
			isa = XCBuildConfiguration;
			buildSettings = {
				ALWAYS_EMBED_SWIFT_STANDARD_LIBRARIES = YES;
				BUNDLE_LOADER = "$(TEST_HOST)";
				CODE_SIGN_STYLE = Automatic;
				CURRENT_PROJECT_VERSION = 1;
				DEVELOPMENT_TEAM = NQ733BXCZL;
				GENERATE_INFOPLIST_FILE = YES;
				IPHONEOS_DEPLOYMENT_TARGET = 17.0;
				MARKETING_VERSION = 1.0;
				PRODUCT_BUNDLE_IDENTIFIER = "me.stefan-berger.Distance-and-Interval-NotfierTests";
				PRODUCT_NAME = "$(TARGET_NAME)";
				SWIFT_EMIT_LOC_STRINGS = NO;
				SWIFT_VERSION = 5.0;
				TARGETED_DEVICE_FAMILY = "1,2";
				TEST_HOST = "$(BUILT_PRODUCTS_DIR)/Distance and Interval Notfier.app/Distance and Interval Notfier";
			};
			name = Debug;
		};
		F8722A7E28A01637005A2718 /* Release */ = {
			isa = XCBuildConfiguration;
			buildSettings = {
				ALWAYS_EMBED_SWIFT_STANDARD_LIBRARIES = YES;
				BUNDLE_LOADER = "$(TEST_HOST)";
				CODE_SIGN_STYLE = Automatic;
				CURRENT_PROJECT_VERSION = 1;
				DEVELOPMENT_TEAM = NQ733BXCZL;
				GENERATE_INFOPLIST_FILE = YES;
				IPHONEOS_DEPLOYMENT_TARGET = 17.0;
				MARKETING_VERSION = 1.0;
				PRODUCT_BUNDLE_IDENTIFIER = "me.stefan-berger.Distance-and-Interval-NotfierTests";
				PRODUCT_NAME = "$(TARGET_NAME)";
				SWIFT_EMIT_LOC_STRINGS = NO;
				SWIFT_VERSION = 5.0;
				TARGETED_DEVICE_FAMILY = "1,2";
				TEST_HOST = "$(BUILT_PRODUCTS_DIR)/Distance and Interval Notfier.app/Distance and Interval Notfier";
			};
			name = Release;
		};
		F8722A8028A01637005A2718 /* Debug */ = {
			isa = XCBuildConfiguration;
			buildSettings = {
				ALWAYS_EMBED_SWIFT_STANDARD_LIBRARIES = YES;
				CODE_SIGN_STYLE = Automatic;
				CURRENT_PROJECT_VERSION = 1;
				DEVELOPMENT_TEAM = NQ733BXCZL;
				GENERATE_INFOPLIST_FILE = YES;
				IPHONEOS_DEPLOYMENT_TARGET = 17.0;
				MARKETING_VERSION = 1.0;
				PRODUCT_BUNDLE_IDENTIFIER = "me.stefan-berger.Distance-and-Interval-NotfierUITests";
				PRODUCT_NAME = "$(TARGET_NAME)";
				SWIFT_EMIT_LOC_STRINGS = NO;
				SWIFT_VERSION = 5.0;
				TARGETED_DEVICE_FAMILY = "1,2";
				TEST_TARGET_NAME = "Distance and Interval Notfier";
			};
			name = Debug;
		};
		F8722A8128A01637005A2718 /* Release */ = {
			isa = XCBuildConfiguration;
			buildSettings = {
				ALWAYS_EMBED_SWIFT_STANDARD_LIBRARIES = YES;
				CODE_SIGN_STYLE = Automatic;
				CURRENT_PROJECT_VERSION = 1;
				DEVELOPMENT_TEAM = NQ733BXCZL;
				GENERATE_INFOPLIST_FILE = YES;
				IPHONEOS_DEPLOYMENT_TARGET = 17.0;
				MARKETING_VERSION = 1.0;
				PRODUCT_BUNDLE_IDENTIFIER = "me.stefan-berger.Distance-and-Interval-NotfierUITests";
				PRODUCT_NAME = "$(TARGET_NAME)";
				SWIFT_EMIT_LOC_STRINGS = NO;
				SWIFT_VERSION = 5.0;
				TARGETED_DEVICE_FAMILY = "1,2";
				TEST_TARGET_NAME = "Distance and Interval Notfier";
			};
			name = Release;
		};
/* End XCBuildConfiguration section */

/* Begin XCConfigurationList section */
		F8722A5028A01635005A2718 /* Build configuration list for PBXProject "Distance and Interval Notfier" */ = {
			isa = XCConfigurationList;
			buildConfigurations = (
				F8722A7728A01636005A2718 /* Debug */,
				F8722A7828A01636005A2718 /* Release */,
			);
			defaultConfigurationIsVisible = 0;
			defaultConfigurationName = Release;
		};
		F8722A7928A01637005A2718 /* Build configuration list for PBXNativeTarget "Distance and Interval Notfier" */ = {
			isa = XCConfigurationList;
			buildConfigurations = (
				F8722A7A28A01637005A2718 /* Debug */,
				F8722A7B28A01637005A2718 /* Release */,
			);
			defaultConfigurationIsVisible = 0;
			defaultConfigurationName = Release;
		};
		F8722A7C28A01637005A2718 /* Build configuration list for PBXNativeTarget "Distance and Interval NotfierTests" */ = {
			isa = XCConfigurationList;
			buildConfigurations = (
				F8722A7D28A01637005A2718 /* Debug */,
				F8722A7E28A01637005A2718 /* Release */,
			);
			defaultConfigurationIsVisible = 0;
			defaultConfigurationName = Release;
		};
		F8722A7F28A01637005A2718 /* Build configuration list for PBXNativeTarget "Distance and Interval NotfierUITests" */ = {
			isa = XCConfigurationList;
			buildConfigurations = (
				F8722A8028A01637005A2718 /* Debug */,
				F8722A8128A01637005A2718 /* Release */,
			);
			defaultConfigurationIsVisible = 0;
			defaultConfigurationName = Release;
		};
/* End XCConfigurationList section */
	};
	rootObject = F8722A4D28A01635005A2718 /* Project object */;
}
